// !$*UTF8*$!
{
	archiveVersion = 1;
	classes = {
	};
	objectVersion = 54;
	objects = {

/* Begin PBXBuildFile section */
		00E356F31AD99517003FC87E /* rehat_iosTests.m in Sources */ = {isa = PBXBuildFile; fileRef = 00E356F21AD99517003FC87E /* rehat_iosTests.m */; };
		0C80B921A6F3F58F76C31292 /* libPods-rehat_ios.a in Frameworks */ = {isa = PBXBuildFile; fileRef = 5DCACB8F33CDC322A6C60F78 /* libPods-rehat_ios.a */; };
		1205908DB0CD4B20B049E927 /* Merriweather-BlackItalic.ttf in Resources */ = {isa = PBXBuildFile; fileRef = 4DFA4D6BC0814E5B84BF9BDF /* Merriweather-BlackItalic.ttf */; };
		13B07FBC1A68108700A75B9A /* AppDelegate.mm in Sources */ = {isa = PBXBuildFile; fileRef = 13B07FB01A68108700A75B9A /* AppDelegate.mm */; };
		13B07FBF1A68108700A75B9A /* Images.xcassets in Resources */ = {isa = PBXBuildFile; fileRef = 13B07FB51A68108700A75B9A /* Images.xcassets */; };
		13B07FC11A68108700A75B9A /* main.m in Sources */ = {isa = PBXBuildFile; fileRef = 13B07FB71A68108700A75B9A /* main.m */; };
		15902E1F7B284B7A97EB764A /* Poppins-Thin.ttf in Resources */ = {isa = PBXBuildFile; fileRef = 29EF60CB3E47452BA2FCAB87 /* Poppins-Thin.ttf */; };
		18813F59B4F047C99B3F9E94 /* Poppins-ThinItalic.ttf in Resources */ = {isa = PBXBuildFile; fileRef = 9F1F8A0A53FE4D0099D8E2CA /* Poppins-ThinItalic.ttf */; };
		201552DF455D42E490DA5817 /* Poppins-MediumItalic.ttf in Resources */ = {isa = PBXBuildFile; fileRef = 16069ECED7B640F0897981C2 /* Poppins-MediumItalic.ttf */; };
		265ECB03DC154CDC9F3E9B5E /* Merriweather-Italic.ttf in Resources */ = {isa = PBXBuildFile; fileRef = 47CCB216BC1245B38A764DAC /* Merriweather-Italic.ttf */; };
		280A5F2C2AD46A6900F3D058 /* WidgetKit.framework in Frameworks */ = {isa = PBXBuildFile; fileRef = 280A5EEA2AD45C4400F3D058 /* WidgetKit.framework */; };
		280A5F2D2AD46A6900F3D058 /* SwiftUI.framework in Frameworks */ = {isa = PBXBuildFile; fileRef = 280A5EEC2AD45C4400F3D058 /* SwiftUI.framework */; };
		280A5F302AD46A6900F3D058 /* rehat_Watch_Widget.swift in Sources */ = {isa = PBXBuildFile; fileRef = 280A5F2F2AD46A6900F3D058 /* rehat_Watch_Widget.swift */; };
		280A5F322AD46A6C00F3D058 /* Assets.xcassets in Resources */ = {isa = PBXBuildFile; fileRef = 280A5F312AD46A6C00F3D058 /* Assets.xcassets */; };
		280A5F362AD46A6C00F3D058 /* rehat Watch WidgetExtension.appex in Embed Foundation Extensions */ = {isa = PBXBuildFile; fileRef = 280A5F2B2AD46A6900F3D058 /* rehat Watch WidgetExtension.appex */; settings = {ATTRIBUTES = (RemoveHeadersOnCopy, ); }; };
		280A5F3B2AD46B1400F3D058 /* RehatComplicationView.swift in Sources */ = {isa = PBXBuildFile; fileRef = 280A5F3A2AD46B1400F3D058 /* RehatComplicationView.swift */; };
		280A5F3D2AD46BD400F3D058 /* rehatCornerComplication.swift in Sources */ = {isa = PBXBuildFile; fileRef = 280A5F3C2AD46BD400F3D058 /* rehatCornerComplication.swift */; };
		281E82C32ABAC49B00CEB553 /* HealthKit.swift in Sources */ = {isa = PBXBuildFile; fileRef = 281E82C22ABAC49B00CEB553 /* HealthKit.swift */; };
		2864EA972AB31E3100217F34 /* recoveryData.json in Resources */ = {isa = PBXBuildFile; fileRef = 2864EA962AB31E3100217F34 /* recoveryData.json */; };
		286B837B2AD511140056E1B0 /* rehatCircularComplication.swift in Sources */ = {isa = PBXBuildFile; fileRef = 286B837A2AD511140056E1B0 /* rehatCircularComplication.swift */; };
		286B83822AD532440056E1B0 /* RecoveryView.swift in Sources */ = {isa = PBXBuildFile; fileRef = 808E22662AD0CB32005806E7 /* RecoveryView.swift */; };
		288DAB2E2AB37B3E00892CE7 /* DetailView.swift in Sources */ = {isa = PBXBuildFile; fileRef = 288DAB2D2AB37B3E00892CE7 /* DetailView.swift */; };
		28D1E1BF2ACD434C00207881 /* RNConnector.swift in Sources */ = {isa = PBXBuildFile; fileRef = 805FE2C22ACBDC68001CDD55 /* RNConnector.swift */; };
		28EA34AC2AB7623400E344A3 /* BreathView.swift in Sources */ = {isa = PBXBuildFile; fileRef = 28EA34AB2AB7623400E344A3 /* BreathView.swift */; };
		28EA34AE2AB7782100E344A3 /* affirmWordsData.json in Resources */ = {isa = PBXBuildFile; fileRef = 28EA34AD2AB7782100E344A3 /* affirmWordsData.json */; };
		28EA34B02AB778C700E344A3 /* AffirmView.swift in Sources */ = {isa = PBXBuildFile; fileRef = 28EA34AF2AB778C700E344A3 /* AffirmView.swift */; };
		2EB3F80760F445CBA34634C5 /* Poppins-SemiBoldItalic.ttf in Resources */ = {isa = PBXBuildFile; fileRef = C51D298228724D2E9E4F51F6 /* Poppins-SemiBoldItalic.ttf */; };
		2F510D3831104BA3B7F2452E /* Poppins-Medium.ttf in Resources */ = {isa = PBXBuildFile; fileRef = 9FEEF6CE9EF24CC79B9CB4B6 /* Poppins-Medium.ttf */; };
		387B8C09D53848BC8336B9FB /* Poppins-Regular.ttf in Resources */ = {isa = PBXBuildFile; fileRef = EE8B0B9ACCAA4AD28F88BD2D /* Poppins-Regular.ttf */; };
		49C02C9C521F47EEA89C0005 /* Poppins-Bold.ttf in Resources */ = {isa = PBXBuildFile; fileRef = AF9250B3D5144C91A302C35C /* Poppins-Bold.ttf */; };
		4C28E68DB0694094883EC365 /* Poppins-ExtraLightItalic.ttf in Resources */ = {isa = PBXBuildFile; fileRef = 8C8E1100E9C74EE8A8804355 /* Poppins-ExtraLightItalic.ttf */; };
		56038304C5FF4BB5BEBE873C /* Merriweather-Regular.ttf in Resources */ = {isa = PBXBuildFile; fileRef = EF4E7E0613E742A0956121E9 /* Merriweather-Regular.ttf */; };
		5AF7FB776517462D83FB74DD /* Poppins-ExtraLight.ttf in Resources */ = {isa = PBXBuildFile; fileRef = 51C0BD50895B4BF68FD1DDC5 /* Poppins-ExtraLight.ttf */; };
		5B8E505BEA7D4332AB0B60FA /* OFL.txt in Resources */ = {isa = PBXBuildFile; fileRef = 9C6E256B541F4F71A976ED80 /* OFL.txt */; };
		5D9CDD432AAEBD9000748DDD /* rehatApp.swift in Sources */ = {isa = PBXBuildFile; fileRef = 5D9CDD422AAEBD9000748DDD /* rehatApp.swift */; };
		5D9CDD452AAEBD9000748DDD /* ContentView.swift in Sources */ = {isa = PBXBuildFile; fileRef = 5D9CDD442AAEBD9000748DDD /* ContentView.swift */; };
		5D9CDD472AAEBD9300748DDD /* Assets.xcassets in Resources */ = {isa = PBXBuildFile; fileRef = 5D9CDD462AAEBD9300748DDD /* Assets.xcassets */; };
		5D9CDD4A2AAEBD9300748DDD /* Preview Assets.xcassets in Resources */ = {isa = PBXBuildFile; fileRef = 5D9CDD492AAEBD9300748DDD /* Preview Assets.xcassets */; };
		5D9CDD4D2AAEBD9300748DDD /* rehat Watch App.app in Embed Watch Content */ = {isa = PBXBuildFile; fileRef = 5D9CDD402AAEBD9000748DDD /* rehat Watch App.app */; settings = {ATTRIBUTES = (RemoveHeadersOnCopy, ); }; };
		71BE8E3CF3524ADFAF684039 /* (null) in Resources */ = {isa = PBXBuildFile; };
		6FC501281DCA4CB8AC233400 /* Merriweather-LightItalic.ttf in Resources */ = {isa = PBXBuildFile; fileRef = 3B86CAF5CF5B45A9B0EE0CAD /* Merriweather-LightItalic.ttf */; };
		7699B88040F8A987B510C191 /* libPods-rehat_ios-rehat_iosTests.a in Frameworks */ = {isa = PBXBuildFile; fileRef = 19F6CBCC0A4E27FBF8BF4A61 /* libPods-rehat_ios-rehat_iosTests.a */; };
		78297D1F218C4CB58F6BF619 /* Poppins-Italic.ttf in Resources */ = {isa = PBXBuildFile; fileRef = 6D32A7FB20B040F3A4EA2150 /* Poppins-Italic.ttf */; };
		7E2DD55CBF3F4D6E860BEE38 /* Poppins-Black.ttf in Resources */ = {isa = PBXBuildFile; fileRef = 45C23BB5A4584A8CB13F7AF6 /* Poppins-Black.ttf */; };
		805FE2CB2ACC18A6001CDD55 /* StorageManager.swift in Sources */ = {isa = PBXBuildFile; fileRef = 805FE2CA2ACC18A6001CDD55 /* StorageManager.swift */; };
		80AE77EB2ABE2B9A00217E1B /* HKView.swift in Sources */ = {isa = PBXBuildFile; fileRef = 80AE77EA2ABE2B9A00217E1B /* HKView.swift */; };
		80B5C8C02AC481540059AA10 /* PanicView.swift in Sources */ = {isa = PBXBuildFile; fileRef = 80B5C8BF2AC481540059AA10 /* PanicView.swift */; };
		81AB9BB82411601600AC10FF /* LaunchScreen.storyboard in Resources */ = {isa = PBXBuildFile; fileRef = 81AB9BB72411601600AC10FF /* LaunchScreen.storyboard */; };
		EA5165FB2ADBF2D900496F9A /* PanicRecoveryPipelineView.swift in Sources */ = {isa = PBXBuildFile; fileRef = EA5165FA2ADBF2D900496F9A /* PanicRecoveryPipelineView.swift */; };
		8212F778A20A4E57AA092753 /* Merriweather-Light.ttf in Resources */ = {isa = PBXBuildFile; fileRef = C428B05B6BBE40AFBEF2BFA4 /* Merriweather-Light.ttf */; };
		86CB79D3FDF04A909D2F432F /* Poppins-LightItalic.ttf in Resources */ = {isa = PBXBuildFile; fileRef = 8B462564C1B74C1C885DC31A /* Poppins-LightItalic.ttf */; };
		9B716C7541E64B59A895D42C /* Poppins-BoldItalic.ttf in Resources */ = {isa = PBXBuildFile; fileRef = 885E31EE101941B088722204 /* Poppins-BoldItalic.ttf */; };
		9CCAF62863EA4AF595101C6E /* Poppins-BlackItalic.ttf in Resources */ = {isa = PBXBuildFile; fileRef = 06057454A8524872BD955808 /* Poppins-BlackItalic.ttf */; };
		B2B6C768BE1C4CF586DB5721 /* Merriweather-Black.ttf in Resources */ = {isa = PBXBuildFile; fileRef = 4C228AFA7C4E467B97BCEDA9 /* Merriweather-Black.ttf */; };
		C2AA824924F44C0C9CD27316 /* Poppins-ExtraBoldItalic.ttf in Resources */ = {isa = PBXBuildFile; fileRef = 39F94E1869A44CB1BF2F6E83 /* Poppins-ExtraBoldItalic.ttf */; };
		C3BC49A8E3D945AE9B235777 /* Merriweather-Bold.ttf in Resources */ = {isa = PBXBuildFile; fileRef = 1223E5D3F9F8447FAF535D2E /* Merriweather-Bold.ttf */; };
		C885DF9DE2E7478D91A59B5B /* Merriweather-BoldItalic.ttf in Resources */ = {isa = PBXBuildFile; fileRef = 21A04B12796E4873A8EA683B /* Merriweather-BoldItalic.ttf */; };
		D21D72A766484660BE615674 /* Poppins-Light.ttf in Resources */ = {isa = PBXBuildFile; fileRef = 3815F10018D5401CB1EEA3A2 /* Poppins-Light.ttf */; };
		D24BAE5DDF5B4943982592BF /* Poppins-ExtraBold.ttf in Resources */ = {isa = PBXBuildFile; fileRef = 533C20E731194AE4A476FB20 /* Poppins-ExtraBold.ttf */; };
		EA63C9ED2AB17165004D33D9 /* MLUtils.swift in Sources */ = {isa = PBXBuildFile; fileRef = EA63C9EC2AB17165004D33D9 /* MLUtils.swift */; };
		EA63C9F32AB18035004D33D9 /* PanicAttackClassifier.mlmodel in Sources */ = {isa = PBXBuildFile; fileRef = EA63C9F22AB18035004D33D9 /* PanicAttackClassifier.mlmodel */; };
		EA6E4E552AB98D6200F8BBAC /* HealthUtils.swift in Sources */ = {isa = PBXBuildFile; fileRef = EA6E4E542AB98D6200F8BBAC /* HealthUtils.swift */; };
		EA9564E22AD80D94003D2F94 /* WorkoutView.swift in Sources */ = {isa = PBXBuildFile; fileRef = EA9564E12AD80D94003D2F94 /* WorkoutView.swift */; };
		EA9564E62AD82220003D2F94 /* WorkoutUtils.swift in Sources */ = {isa = PBXBuildFile; fileRef = EA9564E52AD82220003D2F94 /* WorkoutUtils.swift */; };
		EAD6EA012ADC1587006D5206 /* EndComponentView.swift in Sources */ = {isa = PBXBuildFile; fileRef = EAD6EA002ADC1587006D5206 /* EndComponentView.swift */; };
		EAD7C80B2ACB5722008721AB /* CSVUtils.swift in Sources */ = {isa = PBXBuildFile; fileRef = EAD7C80A2ACB5722008721AB /* CSVUtils.swift */; };
		EAD7C80D2ACB7054008721AB /* dataset.csv in Resources */ = {isa = PBXBuildFile; fileRef = EAD7C80C2ACB7054008721AB /* dataset.csv */; };
		EAD7C81B2AD4F53D008721AB /* NotifUtils.swift in Sources */ = {isa = PBXBuildFile; fileRef = EAD7C81A2AD4F53D008721AB /* NotifUtils.swift */; };
		EAD7C81D2AD4FF91008721AB /* NotifTestView.swift in Sources */ = {isa = PBXBuildFile; fileRef = EAD7C81C2AD4FF91008721AB /* NotifTestView.swift */; };
		EADDF11B2AD5521100987695 /* EmergencyContactsView.swift in Sources */ = {isa = PBXBuildFile; fileRef = 805FE2C82ACBF0E8001CDD55 /* EmergencyContactsView.swift */; };
		EADDF11D2AD55CEC00987695 /* HKUtils.swift in Sources */ = {isa = PBXBuildFile; fileRef = EADDF11C2AD55CEC00987695 /* HKUtils.swift */; };
		F1F06C9CD82E4BE1B3BE17E7 /* Poppins-SemiBold.ttf in Resources */ = {isa = PBXBuildFile; fileRef = 75F3B6373B3A42059F833F1D /* Poppins-SemiBold.ttf */; };
/* End PBXBuildFile section */

/* Begin PBXContainerItemProxy section */
		00E356F41AD99517003FC87E /* PBXContainerItemProxy */ = {
			isa = PBXContainerItemProxy;
			containerPortal = 83CBB9F71A601CBA00E9B192 /* Project object */;
			proxyType = 1;
			remoteGlobalIDString = 13B07F861A680F5B00A75B9A;
			remoteInfo = rehat_ios;
		};
		280A5F342AD46A6C00F3D058 /* PBXContainerItemProxy */ = {
			isa = PBXContainerItemProxy;
			containerPortal = 83CBB9F71A601CBA00E9B192 /* Project object */;
			proxyType = 1;
			remoteGlobalIDString = 280A5F2A2AD46A6900F3D058;
			remoteInfo = "rehat Watch WidgetExtension";
		};
		5D9CDD4B2AAEBD9300748DDD /* PBXContainerItemProxy */ = {
			isa = PBXContainerItemProxy;
			containerPortal = 83CBB9F71A601CBA00E9B192 /* Project object */;
			proxyType = 1;
			remoteGlobalIDString = 5D9CDD3F2AAEBD9000748DDD;
			remoteInfo = "rehat Watch App";
		};
/* End PBXContainerItemProxy section */

/* Begin PBXCopyFilesBuildPhase section */
		280A5EE42AD45BEB00F3D058 /* Embed ExtensionKit Extensions */ = {
			isa = PBXCopyFilesBuildPhase;
			buildActionMask = 2147483647;
			dstPath = "$(EXTENSIONS_FOLDER_PATH)";
			dstSubfolderSpec = 16;
			files = (
			);
			name = "Embed ExtensionKit Extensions";
			runOnlyForDeploymentPostprocessing = 0;
		};
		280A5EFC2AD45C4500F3D058 /* Embed Foundation Extensions */ = {
			isa = PBXCopyFilesBuildPhase;
			buildActionMask = 2147483647;
			dstPath = "";
			dstSubfolderSpec = 13;
			files = (
				280A5F362AD46A6C00F3D058 /* rehat Watch WidgetExtension.appex in Embed Foundation Extensions */,
			);
			name = "Embed Foundation Extensions";
			runOnlyForDeploymentPostprocessing = 0;
		};
		5D9CDD512AAEBD9300748DDD /* Embed Watch Content */ = {
			isa = PBXCopyFilesBuildPhase;
			buildActionMask = 2147483647;
			dstPath = "$(CONTENTS_FOLDER_PATH)/Watch";
			dstSubfolderSpec = 16;
			files = (
				5D9CDD4D2AAEBD9300748DDD /* rehat Watch App.app in Embed Watch Content */,
			);
			name = "Embed Watch Content";
			runOnlyForDeploymentPostprocessing = 0;
		};
/* End PBXCopyFilesBuildPhase section */

/* Begin PBXFileReference section */
		00E356EE1AD99517003FC87E /* rehat_iosTests.xctest */ = {isa = PBXFileReference; explicitFileType = wrapper.cfbundle; includeInIndex = 0; path = rehat_iosTests.xctest; sourceTree = BUILT_PRODUCTS_DIR; };
		00E356F11AD99517003FC87E /* Info.plist */ = {isa = PBXFileReference; lastKnownFileType = text.plist.xml; path = Info.plist; sourceTree = "<group>"; };
		00E356F21AD99517003FC87E /* rehat_iosTests.m */ = {isa = PBXFileReference; lastKnownFileType = sourcecode.c.objc; path = rehat_iosTests.m; sourceTree = "<group>"; };
		06057454A8524872BD955808 /* Poppins-BlackItalic.ttf */ = {isa = PBXFileReference; explicitFileType = undefined; fileEncoding = undefined; includeInIndex = 0; lastKnownFileType = unknown; name = "Poppins-BlackItalic.ttf"; path = "../src/assets/fonts/Poppins-BlackItalic.ttf"; sourceTree = "<group>"; };
		1223E5D3F9F8447FAF535D2E /* Merriweather-Bold.ttf */ = {isa = PBXFileReference; explicitFileType = undefined; fileEncoding = undefined; includeInIndex = 0; lastKnownFileType = unknown; name = "Merriweather-Bold.ttf"; path = "../src/assets/fonts/Merriweather-Bold.ttf"; sourceTree = "<group>"; };
		13B07F961A680F5B00A75B9A /* rehat_ios.app */ = {isa = PBXFileReference; explicitFileType = wrapper.application; includeInIndex = 0; path = rehat_ios.app; sourceTree = BUILT_PRODUCTS_DIR; };
		13B07FAF1A68108700A75B9A /* AppDelegate.h */ = {isa = PBXFileReference; fileEncoding = 4; lastKnownFileType = sourcecode.c.h; name = AppDelegate.h; path = rehat_ios/AppDelegate.h; sourceTree = "<group>"; };
		13B07FB01A68108700A75B9A /* AppDelegate.mm */ = {isa = PBXFileReference; fileEncoding = 4; lastKnownFileType = sourcecode.cpp.objcpp; name = AppDelegate.mm; path = rehat_ios/AppDelegate.mm; sourceTree = "<group>"; };
		13B07FB51A68108700A75B9A /* Images.xcassets */ = {isa = PBXFileReference; lastKnownFileType = folder.assetcatalog; name = Images.xcassets; path = rehat_ios/Images.xcassets; sourceTree = "<group>"; };
		13B07FB61A68108700A75B9A /* Info.plist */ = {isa = PBXFileReference; fileEncoding = 4; lastKnownFileType = text.plist.xml; name = Info.plist; path = rehat_ios/Info.plist; sourceTree = "<group>"; };
		13B07FB71A68108700A75B9A /* main.m */ = {isa = PBXFileReference; fileEncoding = 4; lastKnownFileType = sourcecode.c.objc; name = main.m; path = rehat_ios/main.m; sourceTree = "<group>"; };
		16069ECED7B640F0897981C2 /* Poppins-MediumItalic.ttf */ = {isa = PBXFileReference; explicitFileType = undefined; fileEncoding = undefined; includeInIndex = 0; lastKnownFileType = unknown; name = "Poppins-MediumItalic.ttf"; path = "../src/assets/fonts/Poppins-MediumItalic.ttf"; sourceTree = "<group>"; };
		19F6CBCC0A4E27FBF8BF4A61 /* libPods-rehat_ios-rehat_iosTests.a */ = {isa = PBXFileReference; explicitFileType = archive.ar; includeInIndex = 0; path = "libPods-rehat_ios-rehat_iosTests.a"; sourceTree = BUILT_PRODUCTS_DIR; };
		21A04B12796E4873A8EA683B /* Merriweather-BoldItalic.ttf */ = {isa = PBXFileReference; explicitFileType = undefined; fileEncoding = undefined; includeInIndex = 0; lastKnownFileType = unknown; name = "Merriweather-BoldItalic.ttf"; path = "../src/assets/fonts/Merriweather-BoldItalic.ttf"; sourceTree = "<group>"; };
		280A5EEA2AD45C4400F3D058 /* WidgetKit.framework */ = {isa = PBXFileReference; lastKnownFileType = wrapper.framework; name = WidgetKit.framework; path = System/Library/Frameworks/WidgetKit.framework; sourceTree = SDKROOT; };
		280A5EEC2AD45C4400F3D058 /* SwiftUI.framework */ = {isa = PBXFileReference; lastKnownFileType = wrapper.framework; name = SwiftUI.framework; path = System/Library/Frameworks/SwiftUI.framework; sourceTree = SDKROOT; };
		280A5F2B2AD46A6900F3D058 /* rehat Watch WidgetExtension.appex */ = {isa = PBXFileReference; explicitFileType = "wrapper.app-extension"; includeInIndex = 0; path = "rehat Watch WidgetExtension.appex"; sourceTree = BUILT_PRODUCTS_DIR; };
		280A5F2F2AD46A6900F3D058 /* rehat_Watch_Widget.swift */ = {isa = PBXFileReference; lastKnownFileType = sourcecode.swift; path = rehat_Watch_Widget.swift; sourceTree = "<group>"; };
		280A5F312AD46A6C00F3D058 /* Assets.xcassets */ = {isa = PBXFileReference; lastKnownFileType = folder.assetcatalog; path = Assets.xcassets; sourceTree = "<group>"; };
		280A5F332AD46A6C00F3D058 /* Info.plist */ = {isa = PBXFileReference; lastKnownFileType = text.plist.xml; path = Info.plist; sourceTree = "<group>"; };
		280A5F3A2AD46B1400F3D058 /* RehatComplicationView.swift */ = {isa = PBXFileReference; lastKnownFileType = sourcecode.swift; path = RehatComplicationView.swift; sourceTree = "<group>"; };
		280A5F3C2AD46BD400F3D058 /* rehatCornerComplication.swift */ = {isa = PBXFileReference; lastKnownFileType = sourcecode.swift; path = rehatCornerComplication.swift; sourceTree = "<group>"; };
		281E82C22ABAC49B00CEB553 /* HealthKit.swift */ = {isa = PBXFileReference; lastKnownFileType = sourcecode.swift; path = HealthKit.swift; sourceTree = "<group>"; };
		2864EA962AB31E3100217F34 /* recoveryData.json */ = {isa = PBXFileReference; lastKnownFileType = text.json; path = recoveryData.json; sourceTree = "<group>"; };
		286B837A2AD511140056E1B0 /* rehatCircularComplication.swift */ = {isa = PBXFileReference; lastKnownFileType = sourcecode.swift; path = rehatCircularComplication.swift; sourceTree = "<group>"; };
		288DAB2D2AB37B3E00892CE7 /* DetailView.swift */ = {isa = PBXFileReference; lastKnownFileType = sourcecode.swift; path = DetailView.swift; sourceTree = "<group>"; };
		28EA34AB2AB7623400E344A3 /* BreathView.swift */ = {isa = PBXFileReference; lastKnownFileType = sourcecode.swift; path = BreathView.swift; sourceTree = "<group>"; };
		28EA34AD2AB7782100E344A3 /* affirmWordsData.json */ = {isa = PBXFileReference; lastKnownFileType = text.json; path = affirmWordsData.json; sourceTree = "<group>"; };
		28EA34AF2AB778C700E344A3 /* AffirmView.swift */ = {isa = PBXFileReference; lastKnownFileType = sourcecode.swift; path = AffirmView.swift; sourceTree = "<group>"; };
		29EF60CB3E47452BA2FCAB87 /* Poppins-Thin.ttf */ = {isa = PBXFileReference; explicitFileType = undefined; fileEncoding = undefined; includeInIndex = 0; lastKnownFileType = unknown; name = "Poppins-Thin.ttf"; path = "../src/assets/fonts/Poppins-Thin.ttf"; sourceTree = "<group>"; };
		3815F10018D5401CB1EEA3A2 /* Poppins-Light.ttf */ = {isa = PBXFileReference; explicitFileType = undefined; fileEncoding = undefined; includeInIndex = 0; lastKnownFileType = unknown; name = "Poppins-Light.ttf"; path = "../src/assets/fonts/Poppins-Light.ttf"; sourceTree = "<group>"; };
		39F94E1869A44CB1BF2F6E83 /* Poppins-ExtraBoldItalic.ttf */ = {isa = PBXFileReference; explicitFileType = undefined; fileEncoding = undefined; includeInIndex = 0; lastKnownFileType = unknown; name = "Poppins-ExtraBoldItalic.ttf"; path = "../src/assets/fonts/Poppins-ExtraBoldItalic.ttf"; sourceTree = "<group>"; };
		3B4392A12AC88292D35C810B /* Pods-rehat_ios.debug.xcconfig */ = {isa = PBXFileReference; includeInIndex = 1; lastKnownFileType = text.xcconfig; name = "Pods-rehat_ios.debug.xcconfig"; path = "Target Support Files/Pods-rehat_ios/Pods-rehat_ios.debug.xcconfig"; sourceTree = "<group>"; };
		3B86CAF5CF5B45A9B0EE0CAD /* Merriweather-LightItalic.ttf */ = {isa = PBXFileReference; explicitFileType = undefined; fileEncoding = undefined; includeInIndex = 0; lastKnownFileType = unknown; name = "Merriweather-LightItalic.ttf"; path = "../src/assets/fonts/Merriweather-LightItalic.ttf"; sourceTree = "<group>"; };
		45C23BB5A4584A8CB13F7AF6 /* Poppins-Black.ttf */ = {isa = PBXFileReference; explicitFileType = undefined; fileEncoding = undefined; includeInIndex = 0; lastKnownFileType = unknown; name = "Poppins-Black.ttf"; path = "../src/assets/fonts/Poppins-Black.ttf"; sourceTree = "<group>"; };
		47CCB216BC1245B38A764DAC /* Merriweather-Italic.ttf */ = {isa = PBXFileReference; explicitFileType = undefined; fileEncoding = undefined; includeInIndex = 0; lastKnownFileType = unknown; name = "Merriweather-Italic.ttf"; path = "../src/assets/fonts/Merriweather-Italic.ttf"; sourceTree = "<group>"; };
		4C228AFA7C4E467B97BCEDA9 /* Merriweather-Black.ttf */ = {isa = PBXFileReference; explicitFileType = undefined; fileEncoding = undefined; includeInIndex = 0; lastKnownFileType = unknown; name = "Merriweather-Black.ttf"; path = "../src/assets/fonts/Merriweather-Black.ttf"; sourceTree = "<group>"; };
		4DFA4D6BC0814E5B84BF9BDF /* Merriweather-BlackItalic.ttf */ = {isa = PBXFileReference; explicitFileType = undefined; fileEncoding = undefined; includeInIndex = 0; lastKnownFileType = unknown; name = "Merriweather-BlackItalic.ttf"; path = "../src/assets/fonts/Merriweather-BlackItalic.ttf"; sourceTree = "<group>"; };
		51C0BD50895B4BF68FD1DDC5 /* Poppins-ExtraLight.ttf */ = {isa = PBXFileReference; explicitFileType = undefined; fileEncoding = undefined; includeInIndex = 0; lastKnownFileType = unknown; name = "Poppins-ExtraLight.ttf"; path = "../src/assets/fonts/Poppins-ExtraLight.ttf"; sourceTree = "<group>"; };
		533C20E731194AE4A476FB20 /* Poppins-ExtraBold.ttf */ = {isa = PBXFileReference; explicitFileType = undefined; fileEncoding = undefined; includeInIndex = 0; lastKnownFileType = unknown; name = "Poppins-ExtraBold.ttf"; path = "../src/assets/fonts/Poppins-ExtraBold.ttf"; sourceTree = "<group>"; };
		5709B34CF0A7D63546082F79 /* Pods-rehat_ios.release.xcconfig */ = {isa = PBXFileReference; includeInIndex = 1; lastKnownFileType = text.xcconfig; name = "Pods-rehat_ios.release.xcconfig"; path = "Target Support Files/Pods-rehat_ios/Pods-rehat_ios.release.xcconfig"; sourceTree = "<group>"; };
		5B7EB9410499542E8C5724F5 /* Pods-rehat_ios-rehat_iosTests.debug.xcconfig */ = {isa = PBXFileReference; includeInIndex = 1; lastKnownFileType = text.xcconfig; name = "Pods-rehat_ios-rehat_iosTests.debug.xcconfig"; path = "Target Support Files/Pods-rehat_ios-rehat_iosTests/Pods-rehat_ios-rehat_iosTests.debug.xcconfig"; sourceTree = "<group>"; };
		5D9CDD402AAEBD9000748DDD /* rehat Watch App.app */ = {isa = PBXFileReference; explicitFileType = wrapper.application; includeInIndex = 0; path = "rehat Watch App.app"; sourceTree = BUILT_PRODUCTS_DIR; };
		5D9CDD422AAEBD9000748DDD /* rehatApp.swift */ = {isa = PBXFileReference; lastKnownFileType = sourcecode.swift; path = rehatApp.swift; sourceTree = "<group>"; };
		5D9CDD442AAEBD9000748DDD /* ContentView.swift */ = {isa = PBXFileReference; lastKnownFileType = sourcecode.swift; path = ContentView.swift; sourceTree = "<group>"; };
		5D9CDD462AAEBD9300748DDD /* Assets.xcassets */ = {isa = PBXFileReference; lastKnownFileType = folder.assetcatalog; path = Assets.xcassets; sourceTree = "<group>"; };
		5D9CDD492AAEBD9300748DDD /* Preview Assets.xcassets */ = {isa = PBXFileReference; lastKnownFileType = folder.assetcatalog; path = "Preview Assets.xcassets"; sourceTree = "<group>"; };
		5DCACB8F33CDC322A6C60F78 /* libPods-rehat_ios.a */ = {isa = PBXFileReference; explicitFileType = archive.ar; includeInIndex = 0; path = "libPods-rehat_ios.a"; sourceTree = BUILT_PRODUCTS_DIR; };
		6D32A7FB20B040F3A4EA2150 /* Poppins-Italic.ttf */ = {isa = PBXFileReference; explicitFileType = undefined; fileEncoding = undefined; includeInIndex = 0; lastKnownFileType = unknown; name = "Poppins-Italic.ttf"; path = "../src/assets/fonts/Poppins-Italic.ttf"; sourceTree = "<group>"; };
		75F3B6373B3A42059F833F1D /* Poppins-SemiBold.ttf */ = {isa = PBXFileReference; explicitFileType = undefined; fileEncoding = undefined; includeInIndex = 0; lastKnownFileType = unknown; name = "Poppins-SemiBold.ttf"; path = "../src/assets/fonts/Poppins-SemiBold.ttf"; sourceTree = "<group>"; };
		805FE2C22ACBDC68001CDD55 /* RNConnector.swift */ = {isa = PBXFileReference; lastKnownFileType = sourcecode.swift; path = RNConnector.swift; sourceTree = "<group>"; };
		805FE2C82ACBF0E8001CDD55 /* EmergencyContactsView.swift */ = {isa = PBXFileReference; lastKnownFileType = sourcecode.swift; path = EmergencyContactsView.swift; sourceTree = "<group>"; };
		805FE2CA2ACC18A6001CDD55 /* StorageManager.swift */ = {isa = PBXFileReference; lastKnownFileType = sourcecode.swift; path = StorageManager.swift; sourceTree = "<group>"; };
		808E22662AD0CB32005806E7 /* RecoveryView.swift */ = {isa = PBXFileReference; lastKnownFileType = sourcecode.swift; path = RecoveryView.swift; sourceTree = "<group>"; };
		80AE77EA2ABE2B9A00217E1B /* HKView.swift */ = {isa = PBXFileReference; lastKnownFileType = sourcecode.swift; path = HKView.swift; sourceTree = "<group>"; };
		80AE77EC2ABE2C1C00217E1B /* rehat Watch App.entitlements */ = {isa = PBXFileReference; lastKnownFileType = text.plist.entitlements; path = "rehat Watch App.entitlements"; sourceTree = "<group>"; };
		80B5C8BF2AC481540059AA10 /* PanicView.swift */ = {isa = PBXFileReference; lastKnownFileType = sourcecode.swift; path = PanicView.swift; sourceTree = "<group>"; };
		81AB9BB72411601600AC10FF /* LaunchScreen.storyboard */ = {isa = PBXFileReference; fileEncoding = 4; lastKnownFileType = file.storyboard; name = LaunchScreen.storyboard; path = rehat_ios/LaunchScreen.storyboard; sourceTree = "<group>"; };
		EA5165FA2ADBF2D900496F9A /* PanicRecoveryPipelineView.swift */ = {isa = PBXFileReference; lastKnownFileType = sourcecode.swift; path = PanicRecoveryPipelineView.swift; sourceTree = "<group>"; };
		885E31EE101941B088722204 /* Poppins-BoldItalic.ttf */ = {isa = PBXFileReference; explicitFileType = undefined; fileEncoding = undefined; includeInIndex = 0; lastKnownFileType = unknown; name = "Poppins-BoldItalic.ttf"; path = "../src/assets/fonts/Poppins-BoldItalic.ttf"; sourceTree = "<group>"; };
		89C6BE57DB24E9ADA2F236DE /* Pods-rehat_ios-rehat_iosTests.release.xcconfig */ = {isa = PBXFileReference; includeInIndex = 1; lastKnownFileType = text.xcconfig; name = "Pods-rehat_ios-rehat_iosTests.release.xcconfig"; path = "Target Support Files/Pods-rehat_ios-rehat_iosTests/Pods-rehat_ios-rehat_iosTests.release.xcconfig"; sourceTree = "<group>"; };
		8B462564C1B74C1C885DC31A /* Poppins-LightItalic.ttf */ = {isa = PBXFileReference; explicitFileType = undefined; fileEncoding = undefined; includeInIndex = 0; lastKnownFileType = unknown; name = "Poppins-LightItalic.ttf"; path = "../src/assets/fonts/Poppins-LightItalic.ttf"; sourceTree = "<group>"; };
		8C8E1100E9C74EE8A8804355 /* Poppins-ExtraLightItalic.ttf */ = {isa = PBXFileReference; explicitFileType = undefined; fileEncoding = undefined; includeInIndex = 0; lastKnownFileType = unknown; name = "Poppins-ExtraLightItalic.ttf"; path = "../src/assets/fonts/Poppins-ExtraLightItalic.ttf"; sourceTree = "<group>"; };
		9C6E256B541F4F71A976ED80 /* OFL.txt */ = {isa = PBXFileReference; explicitFileType = undefined; fileEncoding = undefined; includeInIndex = 0; lastKnownFileType = unknown; name = OFL.txt; path = ../src/assets/fonts/OFL.txt; sourceTree = "<group>"; };
		9F1F8A0A53FE4D0099D8E2CA /* Poppins-ThinItalic.ttf */ = {isa = PBXFileReference; explicitFileType = undefined; fileEncoding = undefined; includeInIndex = 0; lastKnownFileType = unknown; name = "Poppins-ThinItalic.ttf"; path = "../src/assets/fonts/Poppins-ThinItalic.ttf"; sourceTree = "<group>"; };
		9FEEF6CE9EF24CC79B9CB4B6 /* Poppins-Medium.ttf */ = {isa = PBXFileReference; explicitFileType = undefined; fileEncoding = undefined; includeInIndex = 0; lastKnownFileType = unknown; name = "Poppins-Medium.ttf"; path = "../src/assets/fonts/Poppins-Medium.ttf"; sourceTree = "<group>"; };
		AF9250B3D5144C91A302C35C /* Poppins-Bold.ttf */ = {isa = PBXFileReference; explicitFileType = undefined; fileEncoding = undefined; includeInIndex = 0; lastKnownFileType = unknown; name = "Poppins-Bold.ttf"; path = "../src/assets/fonts/Poppins-Bold.ttf"; sourceTree = "<group>"; };
		BBA4B80001D846C8AF421F23 /* Poppins-Regular.ttf */ = {isa = PBXFileReference; explicitFileType = undefined; fileEncoding = undefined; includeInIndex = 0; lastKnownFileType = unknown; name = "Poppins-Regular.ttf"; path = "../assets/fonts/Poppins-Regular.ttf"; sourceTree = "<group>"; };
		C428B05B6BBE40AFBEF2BFA4 /* Merriweather-Light.ttf */ = {isa = PBXFileReference; explicitFileType = undefined; fileEncoding = undefined; includeInIndex = 0; lastKnownFileType = unknown; name = "Merriweather-Light.ttf"; path = "../src/assets/fonts/Merriweather-Light.ttf"; sourceTree = "<group>"; };
		C51D298228724D2E9E4F51F6 /* Poppins-SemiBoldItalic.ttf */ = {isa = PBXFileReference; explicitFileType = undefined; fileEncoding = undefined; includeInIndex = 0; lastKnownFileType = unknown; name = "Poppins-SemiBoldItalic.ttf"; path = "../src/assets/fonts/Poppins-SemiBoldItalic.ttf"; sourceTree = "<group>"; };
		EA63C9EC2AB17165004D33D9 /* MLUtils.swift */ = {isa = PBXFileReference; lastKnownFileType = sourcecode.swift; path = MLUtils.swift; sourceTree = "<group>"; };
		EA63C9F22AB18035004D33D9 /* PanicAttackClassifier.mlmodel */ = {isa = PBXFileReference; lastKnownFileType = file.mlmodel; path = PanicAttackClassifier.mlmodel; sourceTree = "<group>"; };
		EA6E4E542AB98D6200F8BBAC /* HealthUtils.swift */ = {isa = PBXFileReference; lastKnownFileType = sourcecode.swift; path = HealthUtils.swift; sourceTree = "<group>"; };
		EA9564E12AD80D94003D2F94 /* WorkoutView.swift */ = {isa = PBXFileReference; lastKnownFileType = sourcecode.swift; path = WorkoutView.swift; sourceTree = "<group>"; };
		EA9564E52AD82220003D2F94 /* WorkoutUtils.swift */ = {isa = PBXFileReference; lastKnownFileType = sourcecode.swift; path = WorkoutUtils.swift; sourceTree = "<group>"; };
		EAD6EA002ADC1587006D5206 /* EndComponentView.swift */ = {isa = PBXFileReference; lastKnownFileType = sourcecode.swift; path = EndComponentView.swift; sourceTree = "<group>"; };
		EAD7C80A2ACB5722008721AB /* CSVUtils.swift */ = {isa = PBXFileReference; lastKnownFileType = sourcecode.swift; path = CSVUtils.swift; sourceTree = "<group>"; };
		EAD7C80C2ACB7054008721AB /* dataset.csv */ = {isa = PBXFileReference; fileEncoding = 4; lastKnownFileType = text; path = dataset.csv; sourceTree = "<group>"; };
		EAD7C81A2AD4F53D008721AB /* NotifUtils.swift */ = {isa = PBXFileReference; lastKnownFileType = sourcecode.swift; path = NotifUtils.swift; sourceTree = "<group>"; };
		EAD7C81C2AD4FF91008721AB /* NotifTestView.swift */ = {isa = PBXFileReference; lastKnownFileType = sourcecode.swift; path = NotifTestView.swift; sourceTree = "<group>"; };
		EADDF11C2AD55CEC00987695 /* HKUtils.swift */ = {isa = PBXFileReference; lastKnownFileType = sourcecode.swift; path = HKUtils.swift; sourceTree = "<group>"; };
		ED297162215061F000B7C4FE /* JavaScriptCore.framework */ = {isa = PBXFileReference; lastKnownFileType = wrapper.framework; name = JavaScriptCore.framework; path = System/Library/Frameworks/JavaScriptCore.framework; sourceTree = SDKROOT; };
		EE8B0B9ACCAA4AD28F88BD2D /* Poppins-Regular.ttf */ = {isa = PBXFileReference; explicitFileType = undefined; fileEncoding = undefined; includeInIndex = 0; lastKnownFileType = unknown; name = "Poppins-Regular.ttf"; path = "../src/assets/fonts/Poppins-Regular.ttf"; sourceTree = "<group>"; };
		EF4E7E0613E742A0956121E9 /* Merriweather-Regular.ttf */ = {isa = PBXFileReference; explicitFileType = undefined; fileEncoding = undefined; includeInIndex = 0; lastKnownFileType = unknown; name = "Merriweather-Regular.ttf"; path = "../src/assets/fonts/Merriweather-Regular.ttf"; sourceTree = "<group>"; };
/* End PBXFileReference section */

/* Begin PBXFrameworksBuildPhase section */
		00E356EB1AD99517003FC87E /* Frameworks */ = {
			isa = PBXFrameworksBuildPhase;
			buildActionMask = 2147483647;
			files = (
				7699B88040F8A987B510C191 /* libPods-rehat_ios-rehat_iosTests.a in Frameworks */,
			);
			runOnlyForDeploymentPostprocessing = 0;
		};
		13B07F8C1A680F5B00A75B9A /* Frameworks */ = {
			isa = PBXFrameworksBuildPhase;
			buildActionMask = 2147483647;
			files = (
				0C80B921A6F3F58F76C31292 /* libPods-rehat_ios.a in Frameworks */,
			);
			runOnlyForDeploymentPostprocessing = 0;
		};
		280A5F282AD46A6900F3D058 /* Frameworks */ = {
			isa = PBXFrameworksBuildPhase;
			buildActionMask = 2147483647;
			files = (
				280A5F2D2AD46A6900F3D058 /* SwiftUI.framework in Frameworks */,
				280A5F2C2AD46A6900F3D058 /* WidgetKit.framework in Frameworks */,
			);
			runOnlyForDeploymentPostprocessing = 0;
		};
		5D9CDD3D2AAEBD9000748DDD /* Frameworks */ = {
			isa = PBXFrameworksBuildPhase;
			buildActionMask = 2147483647;
			files = (
			);
			runOnlyForDeploymentPostprocessing = 0;
		};
/* End PBXFrameworksBuildPhase section */

/* Begin PBXGroup section */
		00E356EF1AD99517003FC87E /* rehat_iosTests */ = {
			isa = PBXGroup;
			children = (
				00E356F21AD99517003FC87E /* rehat_iosTests.m */,
				00E356F01AD99517003FC87E /* Supporting Files */,
			);
			path = rehat_iosTests;
			sourceTree = "<group>";
		};
		00E356F01AD99517003FC87E /* Supporting Files */ = {
			isa = PBXGroup;
			children = (
				00E356F11AD99517003FC87E /* Info.plist */,
			);
			name = "Supporting Files";
			sourceTree = "<group>";
		};
		13B07FAE1A68108700A75B9A /* rehat_ios */ = {
			isa = PBXGroup;
			children = (
				13B07FAF1A68108700A75B9A /* AppDelegate.h */,
				13B07FB01A68108700A75B9A /* AppDelegate.mm */,
				13B07FB51A68108700A75B9A /* Images.xcassets */,
				13B07FB61A68108700A75B9A /* Info.plist */,
				81AB9BB72411601600AC10FF /* LaunchScreen.storyboard */,
				13B07FB71A68108700A75B9A /* main.m */,
			);
			name = rehat_ios;
			sourceTree = "<group>";
		};
		1817BFE6F2654A33B698E288 /* Resources */ = {
			isa = PBXGroup;
			children = (
				BBA4B80001D846C8AF421F23 /* Poppins-Regular.ttf */,
				4C228AFA7C4E467B97BCEDA9 /* Merriweather-Black.ttf */,
				4DFA4D6BC0814E5B84BF9BDF /* Merriweather-BlackItalic.ttf */,
				1223E5D3F9F8447FAF535D2E /* Merriweather-Bold.ttf */,
				21A04B12796E4873A8EA683B /* Merriweather-BoldItalic.ttf */,
				47CCB216BC1245B38A764DAC /* Merriweather-Italic.ttf */,
				C428B05B6BBE40AFBEF2BFA4 /* Merriweather-Light.ttf */,
				3B86CAF5CF5B45A9B0EE0CAD /* Merriweather-LightItalic.ttf */,
				EF4E7E0613E742A0956121E9 /* Merriweather-Regular.ttf */,
				45C23BB5A4584A8CB13F7AF6 /* Poppins-Black.ttf */,
				06057454A8524872BD955808 /* Poppins-BlackItalic.ttf */,
				AF9250B3D5144C91A302C35C /* Poppins-Bold.ttf */,
				885E31EE101941B088722204 /* Poppins-BoldItalic.ttf */,
				533C20E731194AE4A476FB20 /* Poppins-ExtraBold.ttf */,
				39F94E1869A44CB1BF2F6E83 /* Poppins-ExtraBoldItalic.ttf */,
				51C0BD50895B4BF68FD1DDC5 /* Poppins-ExtraLight.ttf */,
				8C8E1100E9C74EE8A8804355 /* Poppins-ExtraLightItalic.ttf */,
				6D32A7FB20B040F3A4EA2150 /* Poppins-Italic.ttf */,
				3815F10018D5401CB1EEA3A2 /* Poppins-Light.ttf */,
				8B462564C1B74C1C885DC31A /* Poppins-LightItalic.ttf */,
				9FEEF6CE9EF24CC79B9CB4B6 /* Poppins-Medium.ttf */,
				16069ECED7B640F0897981C2 /* Poppins-MediumItalic.ttf */,
				EE8B0B9ACCAA4AD28F88BD2D /* Poppins-Regular.ttf */,
				75F3B6373B3A42059F833F1D /* Poppins-SemiBold.ttf */,
				C51D298228724D2E9E4F51F6 /* Poppins-SemiBoldItalic.ttf */,
				29EF60CB3E47452BA2FCAB87 /* Poppins-Thin.ttf */,
				9F1F8A0A53FE4D0099D8E2CA /* Poppins-ThinItalic.ttf */,
				9C6E256B541F4F71A976ED80 /* OFL.txt */,
			);
			name = Resources;
			sourceTree = "<group>";
		};
		280A5F2E2AD46A6900F3D058 /* rehat Watch Widget */ = {
			isa = PBXGroup;
			children = (
				280A5F2F2AD46A6900F3D058 /* rehat_Watch_Widget.swift */,
				280A5F312AD46A6C00F3D058 /* Assets.xcassets */,
				280A5F332AD46A6C00F3D058 /* Info.plist */,
				280A5F3A2AD46B1400F3D058 /* RehatComplicationView.swift */,
				280A5F3C2AD46BD400F3D058 /* rehatCornerComplication.swift */,
				286B837A2AD511140056E1B0 /* rehatCircularComplication.swift */,
			);
			path = "rehat Watch Widget";
			sourceTree = "<group>";
		};
		28D638E32ADB89020008E98A /* Recovered References */ = {
			isa = PBXGroup;
			children = (
			);
			name = "Recovered References";
			sourceTree = "<group>";
		};
		2D16E6871FA4F8E400B85C8A /* Frameworks */ = {
			isa = PBXGroup;
			children = (
				ED297162215061F000B7C4FE /* JavaScriptCore.framework */,
				5DCACB8F33CDC322A6C60F78 /* libPods-rehat_ios.a */,
				19F6CBCC0A4E27FBF8BF4A61 /* libPods-rehat_ios-rehat_iosTests.a */,
				280A5EEA2AD45C4400F3D058 /* WidgetKit.framework */,
				280A5EEC2AD45C4400F3D058 /* SwiftUI.framework */,
			);
			name = Frameworks;
			sourceTree = "<group>";
		};
		5D9CDD412AAEBD9000748DDD /* rehat Watch App */ = {
			isa = PBXGroup;
			children = (
				EA63C9F22AB18035004D33D9 /* PanicAttackClassifier.mlmodel */,
				80AE77EC2ABE2C1C00217E1B /* rehat Watch App.entitlements */,
				5D9CDD422AAEBD9000748DDD /* rehatApp.swift */,
				EA63C9EC2AB17165004D33D9 /* MLUtils.swift */,
				EAD7C81A2AD4F53D008721AB /* NotifUtils.swift */,
				EAD7C81C2AD4FF91008721AB /* NotifTestView.swift */,
				EAD7C80A2ACB5722008721AB /* CSVUtils.swift */,
				EAD7C80C2ACB7054008721AB /* dataset.csv */,
				5D9CDD442AAEBD9000748DDD /* ContentView.swift */,
				805FE2C82ACBF0E8001CDD55 /* EmergencyContactsView.swift */,
				EA6E4E542AB98D6200F8BBAC /* HealthUtils.swift */,
				80B5C8BF2AC481540059AA10 /* PanicView.swift */,
				EA5165FA2ADBF2D900496F9A /* PanicRecoveryPipelineView.swift */,
				EAD6EA002ADC1587006D5206 /* EndComponentView.swift */,
				EA9564E52AD82220003D2F94 /* WorkoutUtils.swift */,
				80AE77EA2ABE2B9A00217E1B /* HKView.swift */,
				EA9564E12AD80D94003D2F94 /* WorkoutView.swift */,
				EADDF11C2AD55CEC00987695 /* HKUtils.swift */,
				288DAB2D2AB37B3E00892CE7 /* DetailView.swift */,
				805FE2C22ACBDC68001CDD55 /* RNConnector.swift */,
				805FE2CA2ACC18A6001CDD55 /* StorageManager.swift */,
				28EA34AB2AB7623400E344A3 /* BreathView.swift */,
				28EA34AF2AB778C700E344A3 /* AffirmView.swift */,
				808E22662AD0CB32005806E7 /* RecoveryView.swift */,
				28EA34AD2AB7782100E344A3 /* affirmWordsData.json */,
				2864EA962AB31E3100217F34 /* recoveryData.json */,
				5D9CDD462AAEBD9300748DDD /* Assets.xcassets */,
				5D9CDD482AAEBD9300748DDD /* Preview Content */,
				281E82C22ABAC49B00CEB553 /* HealthKit.swift */,
			);
			path = "rehat Watch App";
			sourceTree = "<group>";
		};
		5D9CDD482AAEBD9300748DDD /* Preview Content */ = {
			isa = PBXGroup;
			children = (
				5D9CDD492AAEBD9300748DDD /* Preview Assets.xcassets */,
			);
			path = "Preview Content";
			sourceTree = "<group>";
		};
		832341AE1AAA6A7D00B99B32 /* Libraries */ = {
			isa = PBXGroup;
			children = (
			);
			name = Libraries;
			sourceTree = "<group>";
		};
		83CBB9F61A601CBA00E9B192 = {
			isa = PBXGroup;
			children = (
				13B07FAE1A68108700A75B9A /* rehat_ios */,
				832341AE1AAA6A7D00B99B32 /* Libraries */,
				00E356EF1AD99517003FC87E /* rehat_iosTests */,
				5D9CDD412AAEBD9000748DDD /* rehat Watch App */,
				280A5F2E2AD46A6900F3D058 /* rehat Watch Widget */,
				83CBBA001A601CBA00E9B192 /* Products */,
				2D16E6871FA4F8E400B85C8A /* Frameworks */,
				BBD78D7AC51CEA395F1C20DB /* Pods */,
				1817BFE6F2654A33B698E288 /* Resources */,
				28D638E32ADB89020008E98A /* Recovered References */,
			);
			indentWidth = 2;
			sourceTree = "<group>";
			tabWidth = 2;
			usesTabs = 0;
		};
		83CBBA001A601CBA00E9B192 /* Products */ = {
			isa = PBXGroup;
			children = (
				13B07F961A680F5B00A75B9A /* rehat_ios.app */,
				00E356EE1AD99517003FC87E /* rehat_iosTests.xctest */,
				5D9CDD402AAEBD9000748DDD /* rehat Watch App.app */,
				280A5F2B2AD46A6900F3D058 /* rehat Watch WidgetExtension.appex */,
			);
			name = Products;
			sourceTree = "<group>";
		};
		BBD78D7AC51CEA395F1C20DB /* Pods */ = {
			isa = PBXGroup;
			children = (
				3B4392A12AC88292D35C810B /* Pods-rehat_ios.debug.xcconfig */,
				5709B34CF0A7D63546082F79 /* Pods-rehat_ios.release.xcconfig */,
				5B7EB9410499542E8C5724F5 /* Pods-rehat_ios-rehat_iosTests.debug.xcconfig */,
				89C6BE57DB24E9ADA2F236DE /* Pods-rehat_ios-rehat_iosTests.release.xcconfig */,
			);
			path = Pods;
			sourceTree = "<group>";
		};
/* End PBXGroup section */

/* Begin PBXNativeTarget section */
		00E356ED1AD99517003FC87E /* rehat_iosTests */ = {
			isa = PBXNativeTarget;
			buildConfigurationList = 00E357021AD99517003FC87E /* Build configuration list for PBXNativeTarget "rehat_iosTests" */;
			buildPhases = (
				A55EABD7B0C7F3A422A6CC61 /* [CP] Check Pods Manifest.lock */,
				00E356EA1AD99517003FC87E /* Sources */,
				00E356EB1AD99517003FC87E /* Frameworks */,
				00E356EC1AD99517003FC87E /* Resources */,
				C59DA0FBD6956966B86A3779 /* [CP] Embed Pods Frameworks */,
				F6A41C54EA430FDDC6A6ED99 /* [CP] Copy Pods Resources */,
			);
			buildRules = (
			);
			dependencies = (
				00E356F51AD99517003FC87E /* PBXTargetDependency */,
			);
			name = rehat_iosTests;
			productName = rehat_iosTests;
			productReference = 00E356EE1AD99517003FC87E /* rehat_iosTests.xctest */;
			productType = "com.apple.product-type.bundle.unit-test";
		};
		13B07F861A680F5B00A75B9A /* rehat_ios */ = {
			isa = PBXNativeTarget;
			buildConfigurationList = 13B07F931A680F5B00A75B9A /* Build configuration list for PBXNativeTarget "rehat_ios" */;
			buildPhases = (
				C38B50BA6285516D6DCD4F65 /* [CP] Check Pods Manifest.lock */,
				FD10A7F022414F080027D42C /* Start Packager */,
				13B07F871A680F5B00A75B9A /* Sources */,
				13B07F8C1A680F5B00A75B9A /* Frameworks */,
				13B07F8E1A680F5B00A75B9A /* Resources */,
				00DD1BFF1BD5951E006B06BC /* Bundle React Native code and images */,
				00EEFC60759A1932668264C0 /* [CP] Embed Pods Frameworks */,
				E235C05ADACE081382539298 /* [CP] Copy Pods Resources */,
				5D9CDD512AAEBD9300748DDD /* Embed Watch Content */,
			);
			buildRules = (
			);
			dependencies = (
				5D9CDD4C2AAEBD9300748DDD /* PBXTargetDependency */,
			);
			name = rehat_ios;
			productName = rehat_ios;
			productReference = 13B07F961A680F5B00A75B9A /* rehat_ios.app */;
			productType = "com.apple.product-type.application";
		};
		280A5F2A2AD46A6900F3D058 /* rehat Watch WidgetExtension */ = {
			isa = PBXNativeTarget;
			buildConfigurationList = 280A5F392AD46A6C00F3D058 /* Build configuration list for PBXNativeTarget "rehat Watch WidgetExtension" */;
			buildPhases = (
				280A5F272AD46A6900F3D058 /* Sources */,
				280A5F282AD46A6900F3D058 /* Frameworks */,
				280A5F292AD46A6900F3D058 /* Resources */,
			);
			buildRules = (
			);
			dependencies = (
			);
			name = "rehat Watch WidgetExtension";
			productName = "rehat Watch WidgetExtension";
			productReference = 280A5F2B2AD46A6900F3D058 /* rehat Watch WidgetExtension.appex */;
			productType = "com.apple.product-type.app-extension";
		};
		5D9CDD3F2AAEBD9000748DDD /* rehat Watch App */ = {
			isa = PBXNativeTarget;
			buildConfigurationList = 5D9CDD4E2AAEBD9300748DDD /* Build configuration list for PBXNativeTarget "rehat Watch App" */;
			buildPhases = (
				5D9CDD3C2AAEBD9000748DDD /* Sources */,
				5D9CDD3D2AAEBD9000748DDD /* Frameworks */,
				5D9CDD3E2AAEBD9000748DDD /* Resources */,
				280A5EE42AD45BEB00F3D058 /* Embed ExtensionKit Extensions */,
				280A5EFC2AD45C4500F3D058 /* Embed Foundation Extensions */,
			);
			buildRules = (
			);
			dependencies = (
				280A5F352AD46A6C00F3D058 /* PBXTargetDependency */,
			);
			name = "rehat Watch App";
			productName = "rehat Watch App";
			productReference = 5D9CDD402AAEBD9000748DDD /* rehat Watch App.app */;
			productType = "com.apple.product-type.application";
		};
/* End PBXNativeTarget section */

/* Begin PBXProject section */
		83CBB9F71A601CBA00E9B192 /* Project object */ = {
			isa = PBXProject;
			attributes = {
				LastSwiftUpdateCheck = 1500;
				LastUpgradeCheck = 1210;
				TargetAttributes = {
					00E356ED1AD99517003FC87E = {
						CreatedOnToolsVersion = 6.2;
						TestTargetID = 13B07F861A680F5B00A75B9A;
					};
					13B07F861A680F5B00A75B9A = {
						LastSwiftMigration = 1120;
					};
					280A5F2A2AD46A6900F3D058 = {
						CreatedOnToolsVersion = 15.0;
					};
					5D9CDD3F2AAEBD9000748DDD = {
						CreatedOnToolsVersion = 14.3.1;
					};
				};
			};
			buildConfigurationList = 83CBB9FA1A601CBA00E9B192 /* Build configuration list for PBXProject "rehat_ios" */;
			compatibilityVersion = "Xcode 12.0";
			developmentRegion = en;
			hasScannedForEncodings = 0;
			knownRegions = (
				en,
				Base,
			);
			mainGroup = 83CBB9F61A601CBA00E9B192;
			productRefGroup = 83CBBA001A601CBA00E9B192 /* Products */;
			projectDirPath = "";
			projectRoot = "";
			targets = (
				13B07F861A680F5B00A75B9A /* rehat_ios */,
				00E356ED1AD99517003FC87E /* rehat_iosTests */,
				5D9CDD3F2AAEBD9000748DDD /* rehat Watch App */,
				280A5F2A2AD46A6900F3D058 /* rehat Watch WidgetExtension */,
			);
		};
/* End PBXProject section */

/* Begin PBXResourcesBuildPhase section */
		00E356EC1AD99517003FC87E /* Resources */ = {
			isa = PBXResourcesBuildPhase;
			buildActionMask = 2147483647;
			files = (
			);
			runOnlyForDeploymentPostprocessing = 0;
		};
		13B07F8E1A680F5B00A75B9A /* Resources */ = {
			isa = PBXResourcesBuildPhase;
			buildActionMask = 2147483647;
			files = (
				81AB9BB82411601600AC10FF /* LaunchScreen.storyboard in Resources */,
				13B07FBF1A68108700A75B9A /* Images.xcassets in Resources */,
				B2B6C768BE1C4CF586DB5721 /* Merriweather-Black.ttf in Resources */,
				1205908DB0CD4B20B049E927 /* Merriweather-BlackItalic.ttf in Resources */,
				C3BC49A8E3D945AE9B235777 /* Merriweather-Bold.ttf in Resources */,
				C885DF9DE2E7478D91A59B5B /* Merriweather-BoldItalic.ttf in Resources */,
				265ECB03DC154CDC9F3E9B5E /* Merriweather-Italic.ttf in Resources */,
				8212F778A20A4E57AA092753 /* Merriweather-Light.ttf in Resources */,
				6FC501281DCA4CB8AC233400 /* Merriweather-LightItalic.ttf in Resources */,
				56038304C5FF4BB5BEBE873C /* Merriweather-Regular.ttf in Resources */,
				7E2DD55CBF3F4D6E860BEE38 /* Poppins-Black.ttf in Resources */,
				9CCAF62863EA4AF595101C6E /* Poppins-BlackItalic.ttf in Resources */,
				49C02C9C521F47EEA89C0005 /* Poppins-Bold.ttf in Resources */,
				9B716C7541E64B59A895D42C /* Poppins-BoldItalic.ttf in Resources */,
				D24BAE5DDF5B4943982592BF /* Poppins-ExtraBold.ttf in Resources */,
				C2AA824924F44C0C9CD27316 /* Poppins-ExtraBoldItalic.ttf in Resources */,
				5AF7FB776517462D83FB74DD /* Poppins-ExtraLight.ttf in Resources */,
				4C28E68DB0694094883EC365 /* Poppins-ExtraLightItalic.ttf in Resources */,
				78297D1F218C4CB58F6BF619 /* Poppins-Italic.ttf in Resources */,
				D21D72A766484660BE615674 /* Poppins-Light.ttf in Resources */,
				86CB79D3FDF04A909D2F432F /* Poppins-LightItalic.ttf in Resources */,
				2F510D3831104BA3B7F2452E /* Poppins-Medium.ttf in Resources */,
				201552DF455D42E490DA5817 /* Poppins-MediumItalic.ttf in Resources */,
				387B8C09D53848BC8336B9FB /* Poppins-Regular.ttf in Resources */,
				F1F06C9CD82E4BE1B3BE17E7 /* Poppins-SemiBold.ttf in Resources */,
				2EB3F80760F445CBA34634C5 /* Poppins-SemiBoldItalic.ttf in Resources */,
				15902E1F7B284B7A97EB764A /* Poppins-Thin.ttf in Resources */,
				18813F59B4F047C99B3F9E94 /* Poppins-ThinItalic.ttf in Resources */,
				5B8E505BEA7D4332AB0B60FA /* OFL.txt in Resources */,
			);
			runOnlyForDeploymentPostprocessing = 0;
		};
		280A5F292AD46A6900F3D058 /* Resources */ = {
			isa = PBXResourcesBuildPhase;
			buildActionMask = 2147483647;
			files = (
				280A5F322AD46A6C00F3D058 /* Assets.xcassets in Resources */,
			);
			runOnlyForDeploymentPostprocessing = 0;
		};
		5D9CDD3E2AAEBD9000748DDD /* Resources */ = {
			isa = PBXResourcesBuildPhase;
			buildActionMask = 2147483647;
			files = (
				5D9CDD4A2AAEBD9300748DDD /* Preview Assets.xcassets in Resources */,
				EAD7C80D2ACB7054008721AB /* dataset.csv in Resources */,
				5D9CDD472AAEBD9300748DDD /* Assets.xcassets in Resources */,
				2864EA972AB31E3100217F34 /* recoveryData.json in Resources */,
				28EA34AE2AB7782100E344A3 /* affirmWordsData.json in Resources */,
			);
			runOnlyForDeploymentPostprocessing = 0;
		};
/* End PBXResourcesBuildPhase section */

/* Begin PBXShellScriptBuildPhase section */
		00DD1BFF1BD5951E006B06BC /* Bundle React Native code and images */ = {
			isa = PBXShellScriptBuildPhase;
			buildActionMask = 2147483647;
			files = (
			);
			inputPaths = (
				"$(SRCROOT)/.xcode.env.local",
				"$(SRCROOT)/.xcode.env",
			);
			name = "Bundle React Native code and images";
			outputPaths = (
			);
			runOnlyForDeploymentPostprocessing = 0;
			shellPath = /bin/sh;
			shellScript = "set -e\n\nWITH_ENVIRONMENT=\"../node_modules/react-native/scripts/xcode/with-environment.sh\"\nREACT_NATIVE_XCODE=\"../node_modules/react-native/scripts/react-native-xcode.sh\"\n\n/bin/sh -c \"$WITH_ENVIRONMENT $REACT_NATIVE_XCODE\"\n";
		};
		00EEFC60759A1932668264C0 /* [CP] Embed Pods Frameworks */ = {
			isa = PBXShellScriptBuildPhase;
			buildActionMask = 2147483647;
			files = (
			);
			inputFileListPaths = (
				"${PODS_ROOT}/Target Support Files/Pods-rehat_ios/Pods-rehat_ios-frameworks-${CONFIGURATION}-input-files.xcfilelist",
			);
			name = "[CP] Embed Pods Frameworks";
			outputFileListPaths = (
				"${PODS_ROOT}/Target Support Files/Pods-rehat_ios/Pods-rehat_ios-frameworks-${CONFIGURATION}-output-files.xcfilelist",
			);
			runOnlyForDeploymentPostprocessing = 0;
			shellPath = /bin/sh;
			shellScript = "\"${PODS_ROOT}/Target Support Files/Pods-rehat_ios/Pods-rehat_ios-frameworks.sh\"\n";
			showEnvVarsInLog = 0;
		};
		A55EABD7B0C7F3A422A6CC61 /* [CP] Check Pods Manifest.lock */ = {
			isa = PBXShellScriptBuildPhase;
			buildActionMask = 2147483647;
			files = (
			);
			inputFileListPaths = (
			);
			inputPaths = (
				"${PODS_PODFILE_DIR_PATH}/Podfile.lock",
				"${PODS_ROOT}/Manifest.lock",
			);
			name = "[CP] Check Pods Manifest.lock";
			outputFileListPaths = (
			);
			outputPaths = (
				"$(DERIVED_FILE_DIR)/Pods-rehat_ios-rehat_iosTests-checkManifestLockResult.txt",
			);
			runOnlyForDeploymentPostprocessing = 0;
			shellPath = /bin/sh;
			shellScript = "diff \"${PODS_PODFILE_DIR_PATH}/Podfile.lock\" \"${PODS_ROOT}/Manifest.lock\" > /dev/null\nif [ $? != 0 ] ; then\n    # print error to STDERR\n    echo \"error: The sandbox is not in sync with the Podfile.lock. Run 'pod install' or update your CocoaPods installation.\" >&2\n    exit 1\nfi\n# This output is used by Xcode 'outputs' to avoid re-running this script phase.\necho \"SUCCESS\" > \"${SCRIPT_OUTPUT_FILE_0}\"\n";
			showEnvVarsInLog = 0;
		};
		C38B50BA6285516D6DCD4F65 /* [CP] Check Pods Manifest.lock */ = {
			isa = PBXShellScriptBuildPhase;
			buildActionMask = 2147483647;
			files = (
			);
			inputFileListPaths = (
			);
			inputPaths = (
				"${PODS_PODFILE_DIR_PATH}/Podfile.lock",
				"${PODS_ROOT}/Manifest.lock",
			);
			name = "[CP] Check Pods Manifest.lock";
			outputFileListPaths = (
			);
			outputPaths = (
				"$(DERIVED_FILE_DIR)/Pods-rehat_ios-checkManifestLockResult.txt",
			);
			runOnlyForDeploymentPostprocessing = 0;
			shellPath = /bin/sh;
			shellScript = "diff \"${PODS_PODFILE_DIR_PATH}/Podfile.lock\" \"${PODS_ROOT}/Manifest.lock\" > /dev/null\nif [ $? != 0 ] ; then\n    # print error to STDERR\n    echo \"error: The sandbox is not in sync with the Podfile.lock. Run 'pod install' or update your CocoaPods installation.\" >&2\n    exit 1\nfi\n# This output is used by Xcode 'outputs' to avoid re-running this script phase.\necho \"SUCCESS\" > \"${SCRIPT_OUTPUT_FILE_0}\"\n";
			showEnvVarsInLog = 0;
		};
		C59DA0FBD6956966B86A3779 /* [CP] Embed Pods Frameworks */ = {
			isa = PBXShellScriptBuildPhase;
			buildActionMask = 2147483647;
			files = (
			);
			inputFileListPaths = (
				"${PODS_ROOT}/Target Support Files/Pods-rehat_ios-rehat_iosTests/Pods-rehat_ios-rehat_iosTests-frameworks-${CONFIGURATION}-input-files.xcfilelist",
			);
			name = "[CP] Embed Pods Frameworks";
			outputFileListPaths = (
				"${PODS_ROOT}/Target Support Files/Pods-rehat_ios-rehat_iosTests/Pods-rehat_ios-rehat_iosTests-frameworks-${CONFIGURATION}-output-files.xcfilelist",
			);
			runOnlyForDeploymentPostprocessing = 0;
			shellPath = /bin/sh;
			shellScript = "\"${PODS_ROOT}/Target Support Files/Pods-rehat_ios-rehat_iosTests/Pods-rehat_ios-rehat_iosTests-frameworks.sh\"\n";
			showEnvVarsInLog = 0;
		};
		E235C05ADACE081382539298 /* [CP] Copy Pods Resources */ = {
			isa = PBXShellScriptBuildPhase;
			buildActionMask = 2147483647;
			files = (
			);
			inputFileListPaths = (
				"${PODS_ROOT}/Target Support Files/Pods-rehat_ios/Pods-rehat_ios-resources-${CONFIGURATION}-input-files.xcfilelist",
			);
			name = "[CP] Copy Pods Resources";
			outputFileListPaths = (
				"${PODS_ROOT}/Target Support Files/Pods-rehat_ios/Pods-rehat_ios-resources-${CONFIGURATION}-output-files.xcfilelist",
			);
			runOnlyForDeploymentPostprocessing = 0;
			shellPath = /bin/sh;
			shellScript = "\"${PODS_ROOT}/Target Support Files/Pods-rehat_ios/Pods-rehat_ios-resources.sh\"\n";
			showEnvVarsInLog = 0;
		};
		F6A41C54EA430FDDC6A6ED99 /* [CP] Copy Pods Resources */ = {
			isa = PBXShellScriptBuildPhase;
			buildActionMask = 2147483647;
			files = (
			);
			inputFileListPaths = (
				"${PODS_ROOT}/Target Support Files/Pods-rehat_ios-rehat_iosTests/Pods-rehat_ios-rehat_iosTests-resources-${CONFIGURATION}-input-files.xcfilelist",
			);
			name = "[CP] Copy Pods Resources";
			outputFileListPaths = (
				"${PODS_ROOT}/Target Support Files/Pods-rehat_ios-rehat_iosTests/Pods-rehat_ios-rehat_iosTests-resources-${CONFIGURATION}-output-files.xcfilelist",
			);
			runOnlyForDeploymentPostprocessing = 0;
			shellPath = /bin/sh;
			shellScript = "\"${PODS_ROOT}/Target Support Files/Pods-rehat_ios-rehat_iosTests/Pods-rehat_ios-rehat_iosTests-resources.sh\"\n";
			showEnvVarsInLog = 0;
		};
		FD10A7F022414F080027D42C /* Start Packager */ = {
			isa = PBXShellScriptBuildPhase;
			buildActionMask = 2147483647;
			files = (
			);
			inputFileListPaths = (
			);
			inputPaths = (
			);
			name = "Start Packager";
			outputFileListPaths = (
			);
			outputPaths = (
			);
			runOnlyForDeploymentPostprocessing = 0;
			shellPath = /bin/sh;
			shellScript = "export RCT_METRO_PORT=\"${RCT_METRO_PORT:=8081}\"\necho \"export RCT_METRO_PORT=${RCT_METRO_PORT}\" > \"${SRCROOT}/../node_modules/react-native/scripts/.packager.env\"\nif [ -z \"${RCT_NO_LAUNCH_PACKAGER+xxx}\" ] ; then\n  if nc -w 5 -z localhost ${RCT_METRO_PORT} ; then\n    if ! curl -s \"http://localhost:${RCT_METRO_PORT}/status\" | grep -q \"packager-status:running\" ; then\n      echo \"Port ${RCT_METRO_PORT} already in use, packager is either not running or not running correctly\"\n      exit 2\n    fi\n  else\n    open \"$SRCROOT/../node_modules/react-native/scripts/launchPackager.command\" || echo \"Can't start packager automatically\"\n  fi\nfi\n";
			showEnvVarsInLog = 0;
		};
/* End PBXShellScriptBuildPhase section */

/* Begin PBXSourcesBuildPhase section */
		00E356EA1AD99517003FC87E /* Sources */ = {
			isa = PBXSourcesBuildPhase;
			buildActionMask = 2147483647;
			files = (
				00E356F31AD99517003FC87E /* rehat_iosTests.m in Sources */,
			);
			runOnlyForDeploymentPostprocessing = 0;
		};
		13B07F871A680F5B00A75B9A /* Sources */ = {
			isa = PBXSourcesBuildPhase;
			buildActionMask = 2147483647;
			files = (
				13B07FBC1A68108700A75B9A /* AppDelegate.mm in Sources */,
				13B07FC11A68108700A75B9A /* main.m in Sources */,
			);
			runOnlyForDeploymentPostprocessing = 0;
		};
		280A5F272AD46A6900F3D058 /* Sources */ = {
			isa = PBXSourcesBuildPhase;
			buildActionMask = 2147483647;
			files = (
				280A5F302AD46A6900F3D058 /* rehat_Watch_Widget.swift in Sources */,
				286B837B2AD511140056E1B0 /* rehatCircularComplication.swift in Sources */,
				280A5F3D2AD46BD400F3D058 /* rehatCornerComplication.swift in Sources */,
				280A5F3B2AD46B1400F3D058 /* RehatComplicationView.swift in Sources */,
			);
			runOnlyForDeploymentPostprocessing = 0;
		};
		5D9CDD3C2AAEBD9000748DDD /* Sources */ = {
			isa = PBXSourcesBuildPhase;
			buildActionMask = 2147483647;
			files = (
				EA63C9F32AB18035004D33D9 /* PanicAttackClassifier.mlmodel in Sources */,
				EA6E4E552AB98D6200F8BBAC /* HealthUtils.swift in Sources */,
				EAD6EA012ADC1587006D5206 /* EndComponentView.swift in Sources */,
				EAD7C80B2ACB5722008721AB /* CSVUtils.swift in Sources */,
				28EA34AC2AB7623400E344A3 /* BreathView.swift in Sources */,
				288DAB2E2AB37B3E00892CE7 /* DetailView.swift in Sources */,
				5D9CDD452AAEBD9000748DDD /* ContentView.swift in Sources */,
				EAD7C81B2AD4F53D008721AB /* NotifUtils.swift in Sources */,
				EA5165FB2ADBF2D900496F9A /* PanicRecoveryPipelineView.swift in Sources */,
				286B83822AD532440056E1B0 /* RecoveryView.swift in Sources */,
				28D1E1BF2ACD434C00207881 /* RNConnector.swift in Sources */,
				EADDF11D2AD55CEC00987695 /* HKUtils.swift in Sources */,
				80B5C8C02AC481540059AA10 /* PanicView.swift in Sources */,
				5D9CDD432AAEBD9000748DDD /* rehatApp.swift in Sources */,
				EA63C9ED2AB17165004D33D9 /* MLUtils.swift in Sources */,
				80AE77EB2ABE2B9A00217E1B /* HKView.swift in Sources */,
				EA9564E22AD80D94003D2F94 /* WorkoutView.swift in Sources */,
				EADDF11B2AD5521100987695 /* EmergencyContactsView.swift in Sources */,
				281E82C32ABAC49B00CEB553 /* HealthKit.swift in Sources */,
				EA9564E62AD82220003D2F94 /* WorkoutUtils.swift in Sources */,
				28EA34B02AB778C700E344A3 /* AffirmView.swift in Sources */,
				805FE2CB2ACC18A6001CDD55 /* StorageManager.swift in Sources */,
				EAD7C81D2AD4FF91008721AB /* NotifTestView.swift in Sources */,
			);
			runOnlyForDeploymentPostprocessing = 0;
		};
/* End PBXSourcesBuildPhase section */

/* Begin PBXTargetDependency section */
		00E356F51AD99517003FC87E /* PBXTargetDependency */ = {
			isa = PBXTargetDependency;
			target = 13B07F861A680F5B00A75B9A /* rehat_ios */;
			targetProxy = 00E356F41AD99517003FC87E /* PBXContainerItemProxy */;
		};
		280A5F352AD46A6C00F3D058 /* PBXTargetDependency */ = {
			isa = PBXTargetDependency;
			target = 280A5F2A2AD46A6900F3D058 /* rehat Watch WidgetExtension */;
			targetProxy = 280A5F342AD46A6C00F3D058 /* PBXContainerItemProxy */;
		};
		5D9CDD4C2AAEBD9300748DDD /* PBXTargetDependency */ = {
			isa = PBXTargetDependency;
			target = 5D9CDD3F2AAEBD9000748DDD /* rehat Watch App */;
			targetProxy = 5D9CDD4B2AAEBD9300748DDD /* PBXContainerItemProxy */;
		};
/* End PBXTargetDependency section */

/* Begin XCBuildConfiguration section */
		00E356F61AD99517003FC87E /* Debug */ = {
			isa = XCBuildConfiguration;
			baseConfigurationReference = 5B7EB9410499542E8C5724F5 /* Pods-rehat_ios-rehat_iosTests.debug.xcconfig */;
			buildSettings = {
				ALWAYS_EMBED_SWIFT_STANDARD_LIBRARIES = YES;
				BUNDLE_LOADER = "$(TEST_HOST)";
				DEVELOPMENT_TEAM = G3N5XUU85H;
				GCC_PREPROCESSOR_DEFINITIONS = (
					"DEBUG=1",
					"$(inherited)",
				);
				INFOPLIST_FILE = rehat_iosTests/Info.plist;
				IPHONEOS_DEPLOYMENT_TARGET = 12.4;
				LD_RUNPATH_SEARCH_PATHS = (
					"$(inherited)",
					"@executable_path/Frameworks",
					"@loader_path/Frameworks",
				);
				OTHER_LDFLAGS = (
					"-ObjC",
					"-lc++",
					"$(inherited)",
				);
				PRODUCT_BUNDLE_IDENTIFIER = org.avanox.rehat;
				PRODUCT_NAME = "$(TARGET_NAME)";
				TEST_HOST = "$(BUILT_PRODUCTS_DIR)/rehat_ios.app/rehat_ios";
			};
			name = Debug;
		};
		00E356F71AD99517003FC87E /* Release */ = {
			isa = XCBuildConfiguration;
			baseConfigurationReference = 89C6BE57DB24E9ADA2F236DE /* Pods-rehat_ios-rehat_iosTests.release.xcconfig */;
			buildSettings = {
				ALWAYS_EMBED_SWIFT_STANDARD_LIBRARIES = YES;
				BUNDLE_LOADER = "$(TEST_HOST)";
				COPY_PHASE_STRIP = NO;
				DEVELOPMENT_TEAM = G3N5XUU85H;
				INFOPLIST_FILE = rehat_iosTests/Info.plist;
				IPHONEOS_DEPLOYMENT_TARGET = 12.4;
				LD_RUNPATH_SEARCH_PATHS = (
					"$(inherited)",
					"@executable_path/Frameworks",
					"@loader_path/Frameworks",
				);
				OTHER_LDFLAGS = (
					"-ObjC",
					"-lc++",
					"$(inherited)",
				);
				PRODUCT_BUNDLE_IDENTIFIER = org.avanox.rehat;
				PRODUCT_NAME = "$(TARGET_NAME)";
				TEST_HOST = "$(BUILT_PRODUCTS_DIR)/rehat_ios.app/rehat_ios";
			};
			name = Release;
		};
		13B07F941A680F5B00A75B9A /* Debug */ = {
			isa = XCBuildConfiguration;
			baseConfigurationReference = 3B4392A12AC88292D35C810B /* Pods-rehat_ios.debug.xcconfig */;
			buildSettings = {
				ALWAYS_EMBED_SWIFT_STANDARD_LIBRARIES = YES;
				ASSETCATALOG_COMPILER_APPICON_NAME = AppIcon;
				CLANG_ENABLE_MODULES = YES;
				CODE_SIGN_IDENTITY = "Apple Development";
				CODE_SIGN_STYLE = Automatic;
				CURRENT_PROJECT_VERSION = 1;
				DEVELOPMENT_TEAM = G3N5XUU85H;
				ENABLE_BITCODE = NO;
				INFOPLIST_FILE = rehat_ios/Info.plist;
				LD_RUNPATH_SEARCH_PATHS = (
					"$(inherited)",
					"@executable_path/Frameworks",
				);
				MARKETING_VERSION = 1.0;
				OTHER_LDFLAGS = (
					"$(inherited)",
					"-ObjC",
					"-lc++",
				);
				PRODUCT_BUNDLE_IDENTIFIER = org.avanox.rehat;
				PRODUCT_NAME = rehat_ios;
				PROVISIONING_PROFILE_SPECIFIER = "";
				SUPPORTED_PLATFORMS = "iphoneos iphonesimulator";
				SUPPORTS_MACCATALYST = NO;
				SUPPORTS_MAC_DESIGNED_FOR_IPHONE_IPAD = NO;
				SUPPORTS_XR_DESIGNED_FOR_IPHONE_IPAD = NO;
				SWIFT_OPTIMIZATION_LEVEL = "-Onone";
				SWIFT_VERSION = 5.0;
				TARGETED_DEVICE_FAMILY = "1,iPhone";
				VERSIONING_SYSTEM = "apple-generic";
			};
			name = Debug;
		};
		13B07F951A680F5B00A75B9A /* Release */ = {
			isa = XCBuildConfiguration;
			baseConfigurationReference = 5709B34CF0A7D63546082F79 /* Pods-rehat_ios.release.xcconfig */;
			buildSettings = {
				ALWAYS_EMBED_SWIFT_STANDARD_LIBRARIES = YES;
				ASSETCATALOG_COMPILER_APPICON_NAME = AppIcon;
				CLANG_ENABLE_MODULES = YES;
				CODE_SIGN_IDENTITY = "Apple Development";
				CODE_SIGN_STYLE = Automatic;
				CURRENT_PROJECT_VERSION = 1;
				DEVELOPMENT_TEAM = G3N5XUU85H;
				INFOPLIST_FILE = rehat_ios/Info.plist;
				LD_RUNPATH_SEARCH_PATHS = (
					"$(inherited)",
					"@executable_path/Frameworks",
				);
				MARKETING_VERSION = 1.0;
				OTHER_LDFLAGS = (
					"$(inherited)",
					"-ObjC",
					"-lc++",
				);
				PRODUCT_BUNDLE_IDENTIFIER = org.avanox.rehat;
				PRODUCT_NAME = rehat_ios;
				PROVISIONING_PROFILE_SPECIFIER = "";
				SUPPORTED_PLATFORMS = "iphoneos iphonesimulator";
				SUPPORTS_MACCATALYST = NO;
				SUPPORTS_MAC_DESIGNED_FOR_IPHONE_IPAD = NO;
				SUPPORTS_XR_DESIGNED_FOR_IPHONE_IPAD = NO;
				SWIFT_VERSION = 5.0;
				TARGETED_DEVICE_FAMILY = "1,iPhone";
				VERSIONING_SYSTEM = "apple-generic";
			};
			name = Release;
		};
		280A5F372AD46A6C00F3D058 /* Debug */ = {
			isa = XCBuildConfiguration;
			buildSettings = {
				ASSETCATALOG_COMPILER_GENERATE_SWIFT_ASSET_SYMBOL_EXTENSIONS = YES;
				ASSETCATALOG_COMPILER_GLOBAL_ACCENT_COLOR_NAME = AccentColor;
				ASSETCATALOG_COMPILER_WIDGET_BACKGROUND_COLOR_NAME = WidgetBackground;
				CLANG_ANALYZER_NONNULL = YES;
				CLANG_ANALYZER_NUMBER_OBJECT_CONVERSION = YES_AGGRESSIVE;
				CLANG_CXX_LANGUAGE_STANDARD = "gnu++20";
				CLANG_ENABLE_OBJC_WEAK = YES;
				CLANG_WARN_DOCUMENTATION_COMMENTS = YES;
				CLANG_WARN_UNGUARDED_AVAILABILITY = YES_AGGRESSIVE;
				CODE_SIGN_STYLE = Automatic;
				CURRENT_PROJECT_VERSION = 1;
				DEBUG_INFORMATION_FORMAT = dwarf;
				DEVELOPMENT_TEAM = G3N5XUU85H;
				ENABLE_USER_SCRIPT_SANDBOXING = YES;
				GCC_C_LANGUAGE_STANDARD = gnu17;
				GENERATE_INFOPLIST_FILE = YES;
				INFOPLIST_FILE = "rehat Watch Widget/Info.plist";
				INFOPLIST_KEY_CFBundleDisplayName = "rehat Watch Widget";
				INFOPLIST_KEY_NSHumanReadableCopyright = "";
				LD_RUNPATH_SEARCH_PATHS = (
					"$(inherited)",
					"@executable_path/Frameworks",
					"@executable_path/../../Frameworks",
					"@executable_path/../../../../Frameworks",
				);
				LOCALIZATION_PREFERS_STRING_CATALOGS = YES;
				MARKETING_VERSION = 1.0;
				MTL_ENABLE_DEBUG_INFO = INCLUDE_SOURCE;
				MTL_FAST_MATH = YES;
				PRODUCT_BUNDLE_IDENTIFIER = org.avanox.rehat.watch.widgetcomplication;
				PRODUCT_NAME = "$(TARGET_NAME)";
				SDKROOT = watchos;
				SKIP_INSTALL = YES;
				SWIFT_ACTIVE_COMPILATION_CONDITIONS = "DEBUG $(inherited)";
				SWIFT_EMIT_LOC_STRINGS = YES;
				SWIFT_OPTIMIZATION_LEVEL = "-Onone";
				SWIFT_VERSION = 5.0;
				TARGETED_DEVICE_FAMILY = 4;
			};
			name = Debug;
		};
		280A5F382AD46A6C00F3D058 /* Release */ = {
			isa = XCBuildConfiguration;
			buildSettings = {
				ASSETCATALOG_COMPILER_GENERATE_SWIFT_ASSET_SYMBOL_EXTENSIONS = YES;
				ASSETCATALOG_COMPILER_GLOBAL_ACCENT_COLOR_NAME = AccentColor;
				ASSETCATALOG_COMPILER_WIDGET_BACKGROUND_COLOR_NAME = WidgetBackground;
				CLANG_ANALYZER_NONNULL = YES;
				CLANG_ANALYZER_NUMBER_OBJECT_CONVERSION = YES_AGGRESSIVE;
				CLANG_CXX_LANGUAGE_STANDARD = "gnu++20";
				CLANG_ENABLE_OBJC_WEAK = YES;
				CLANG_WARN_DOCUMENTATION_COMMENTS = YES;
				CLANG_WARN_UNGUARDED_AVAILABILITY = YES_AGGRESSIVE;
				CODE_SIGN_STYLE = Automatic;
				COPY_PHASE_STRIP = NO;
				CURRENT_PROJECT_VERSION = 1;
				DEBUG_INFORMATION_FORMAT = "dwarf-with-dsym";
				DEVELOPMENT_TEAM = G3N5XUU85H;
				ENABLE_USER_SCRIPT_SANDBOXING = YES;
				GCC_C_LANGUAGE_STANDARD = gnu17;
				GENERATE_INFOPLIST_FILE = YES;
				INFOPLIST_FILE = "rehat Watch Widget/Info.plist";
				INFOPLIST_KEY_CFBundleDisplayName = "rehat Watch Widget";
				INFOPLIST_KEY_NSHumanReadableCopyright = "";
				LD_RUNPATH_SEARCH_PATHS = (
					"$(inherited)",
					"@executable_path/Frameworks",
					"@executable_path/../../Frameworks",
					"@executable_path/../../../../Frameworks",
				);
				LOCALIZATION_PREFERS_STRING_CATALOGS = YES;
				MARKETING_VERSION = 1.0;
				MTL_FAST_MATH = YES;
				PRODUCT_BUNDLE_IDENTIFIER = org.avanox.rehat.watch.widgetcomplication;
				PRODUCT_NAME = "$(TARGET_NAME)";
				SDKROOT = watchos;
				SKIP_INSTALL = YES;
				SWIFT_COMPILATION_MODE = wholemodule;
				SWIFT_EMIT_LOC_STRINGS = YES;
				SWIFT_VERSION = 5.0;
				TARGETED_DEVICE_FAMILY = 4;
			};
			name = Release;
		};
		5D9CDD4F2AAEBD9300748DDD /* Debug */ = {
			isa = XCBuildConfiguration;
			buildSettings = {
				ALWAYS_EMBED_SWIFT_STANDARD_LIBRARIES = YES;
				ASSETCATALOG_COMPILER_APPICON_NAME = AppIcon;
				ASSETCATALOG_COMPILER_GENERATE_ASSET_SYMBOL_FRAMEWORKS = "SwiftUI UIKit AppKit BackgroundTasks";
				ASSETCATALOG_COMPILER_GLOBAL_ACCENT_COLOR_NAME = AccentColor;
				CLANG_ANALYZER_NONNULL = YES;
				CLANG_ANALYZER_NUMBER_OBJECT_CONVERSION = YES_AGGRESSIVE;
				CLANG_CXX_LANGUAGE_STANDARD = "gnu++20";
				CLANG_ENABLE_OBJC_WEAK = YES;
				CLANG_WARN_DOCUMENTATION_COMMENTS = YES;
				CLANG_WARN_UNGUARDED_AVAILABILITY = YES_AGGRESSIVE;
				CODE_SIGN_ENTITLEMENTS = "rehat Watch App/rehat Watch App.entitlements";
				CODE_SIGN_STYLE = Automatic;
				CURRENT_PROJECT_VERSION = 1;
				DEBUG_INFORMATION_FORMAT = dwarf;
				DEVELOPMENT_ASSET_PATHS = "\"rehat Watch App/Preview Content\"";
				DEVELOPMENT_TEAM = G3N5XUU85H;
				ENABLE_PREVIEWS = YES;
				GCC_C_LANGUAGE_STANDARD = gnu11;
				GENERATE_INFOPLIST_FILE = YES;
				INFOPLIST_FILE = rehat_ios/Info.plist;
				"INFOPLIST_FILE[sdk=*]" = rehat_ios/Info.plist;
				INFOPLIST_KEY_CFBundleDisplayName = rehat_ios;
				INFOPLIST_KEY_NSCameraUsageDescription = "Use camera to add photos";
				INFOPLIST_KEY_NSContactsUsageDescription = "Read contacts to set Emergency Contacts";
				INFOPLIST_KEY_NSHealthClinicalHealthRecordsShareUsageDescription = "Rehat App wants to access health data and analyze it";
				INFOPLIST_KEY_NSHealthShareUsageDescription = "Rehat App wants to access health data and analyze it";
				INFOPLIST_KEY_NSHealthUpdateUsageDescription = "Rehat App wants to access health data and analyze it";
				INFOPLIST_KEY_NSLocationWhenInUseUsageDescription = "";
				INFOPLIST_KEY_NSPhotoLibraryUsageDescription = "Import photo from library";
				INFOPLIST_KEY_UILaunchStoryboardName = LaunchScreen;
				INFOPLIST_KEY_UIRequiredDeviceCapabilities = armv7;
				INFOPLIST_KEY_UISupportedInterfaceOrientations = "UIInterfaceOrientationPortrait UIInterfaceOrientationLandscapeLeft UIInterfaceOrientationLandscapeRight";
				INFOPLIST_KEY_WKCompanionAppBundleIdentifier = org.avanox.rehat;
				INFOPLIST_KEY_WKRunsIndependentlyOfCompanionApp = NO;
				LD_RUNPATH_SEARCH_PATHS = (
					"$(inherited)",
					"@executable_path/Frameworks",
				);
				MARKETING_VERSION = 1.0;
				MTL_ENABLE_DEBUG_INFO = INCLUDE_SOURCE;
				MTL_FAST_MATH = YES;
				PRODUCT_BUNDLE_IDENTIFIER = org.avanox.rehat.watch;
				PRODUCT_NAME = "$(TARGET_NAME)";
				SDKROOT = watchos;
				SKIP_INSTALL = YES;
				SWIFT_ACTIVE_COMPILATION_CONDITIONS = DEBUG;
				SWIFT_EMIT_LOC_STRINGS = YES;
				SWIFT_OPTIMIZATION_LEVEL = "-Onone";
				SWIFT_VERSION = 5.0;
				TARGETED_DEVICE_FAMILY = 4;
				WATCHOS_DEPLOYMENT_TARGET = 10.0;
			};
			name = Debug;
		};
		5D9CDD502AAEBD9300748DDD /* Release */ = {
			isa = XCBuildConfiguration;
			buildSettings = {
				ALWAYS_EMBED_SWIFT_STANDARD_LIBRARIES = YES;
				ASSETCATALOG_COMPILER_APPICON_NAME = AppIcon;
				ASSETCATALOG_COMPILER_GENERATE_ASSET_SYMBOL_FRAMEWORKS = "SwiftUI UIKit AppKit BackgroundTasks";
				ASSETCATALOG_COMPILER_GLOBAL_ACCENT_COLOR_NAME = AccentColor;
				CLANG_ANALYZER_NONNULL = YES;
				CLANG_ANALYZER_NUMBER_OBJECT_CONVERSION = YES_AGGRESSIVE;
				CLANG_CXX_LANGUAGE_STANDARD = "gnu++20";
				CLANG_ENABLE_OBJC_WEAK = YES;
				CLANG_WARN_DOCUMENTATION_COMMENTS = YES;
				CLANG_WARN_UNGUARDED_AVAILABILITY = YES_AGGRESSIVE;
				CODE_SIGN_ENTITLEMENTS = "rehat Watch App/rehat Watch App.entitlements";
				CODE_SIGN_STYLE = Automatic;
				COPY_PHASE_STRIP = NO;
				CURRENT_PROJECT_VERSION = 1;
				DEBUG_INFORMATION_FORMAT = "dwarf-with-dsym";
				DEVELOPMENT_ASSET_PATHS = "\"rehat Watch App/Preview Content\"";
				DEVELOPMENT_TEAM = G3N5XUU85H;
				ENABLE_PREVIEWS = YES;
				GCC_C_LANGUAGE_STANDARD = gnu11;
				GENERATE_INFOPLIST_FILE = YES;
				INFOPLIST_FILE = rehat_ios/Info.plist;
				"INFOPLIST_FILE[sdk=*]" = rehat_ios/Info.plist;
				INFOPLIST_KEY_CFBundleDisplayName = rehat_ios;
				INFOPLIST_KEY_NSCameraUsageDescription = "Use camera to add photos";
				INFOPLIST_KEY_NSContactsUsageDescription = "Read contacts to set Emergency Contacts";
				INFOPLIST_KEY_NSHealthClinicalHealthRecordsShareUsageDescription = "Rehat App wants to access health data and analyze it";
				INFOPLIST_KEY_NSHealthShareUsageDescription = "Rehat App wants to access health data and analyze it";
				INFOPLIST_KEY_NSHealthUpdateUsageDescription = "Rehat App wants to access health data and analyze it";
				INFOPLIST_KEY_NSLocationWhenInUseUsageDescription = "";
				INFOPLIST_KEY_NSPhotoLibraryUsageDescription = "Import photo from library";
				INFOPLIST_KEY_UILaunchStoryboardName = LaunchScreen;
				INFOPLIST_KEY_UIRequiredDeviceCapabilities = armv7;
				INFOPLIST_KEY_UISupportedInterfaceOrientations = "UIInterfaceOrientationPortrait UIInterfaceOrientationLandscapeLeft UIInterfaceOrientationLandscapeRight";
				INFOPLIST_KEY_WKCompanionAppBundleIdentifier = org.avanox.rehat;
				INFOPLIST_KEY_WKRunsIndependentlyOfCompanionApp = NO;
				LD_RUNPATH_SEARCH_PATHS = (
					"$(inherited)",
					"@executable_path/Frameworks",
				);
				MARKETING_VERSION = 1.0;
				MTL_FAST_MATH = YES;
				PRODUCT_BUNDLE_IDENTIFIER = org.avanox.rehat.watch;
				PRODUCT_NAME = "$(TARGET_NAME)";
				SDKROOT = watchos;
				SKIP_INSTALL = YES;
				SWIFT_COMPILATION_MODE = wholemodule;
				SWIFT_EMIT_LOC_STRINGS = YES;
				SWIFT_OPTIMIZATION_LEVEL = "-O";
				SWIFT_VERSION = 5.0;
				TARGETED_DEVICE_FAMILY = 4;
				WATCHOS_DEPLOYMENT_TARGET = 10.0;
			};
			name = Release;
		};
		83CBBA201A601CBA00E9B192 /* Debug */ = {
			isa = XCBuildConfiguration;
			buildSettings = {
				ALWAYS_SEARCH_USER_PATHS = NO;
				CLANG_ANALYZER_LOCALIZABILITY_NONLOCALIZED = YES;
				CLANG_CXX_LANGUAGE_STANDARD = "c++17";
				CLANG_CXX_LIBRARY = "libc++";
				CLANG_ENABLE_MODULES = YES;
				CLANG_ENABLE_OBJC_ARC = YES;
				CLANG_WARN_BLOCK_CAPTURE_AUTORELEASING = YES;
				CLANG_WARN_BOOL_CONVERSION = YES;
				CLANG_WARN_COMMA = YES;
				CLANG_WARN_CONSTANT_CONVERSION = YES;
				CLANG_WARN_DEPRECATED_OBJC_IMPLEMENTATIONS = YES;
				CLANG_WARN_DIRECT_OBJC_ISA_USAGE = YES_ERROR;
				CLANG_WARN_EMPTY_BODY = YES;
				CLANG_WARN_ENUM_CONVERSION = YES;
				CLANG_WARN_INFINITE_RECURSION = YES;
				CLANG_WARN_INT_CONVERSION = YES;
				CLANG_WARN_NON_LITERAL_NULL_CONVERSION = YES;
				CLANG_WARN_OBJC_IMPLICIT_RETAIN_SELF = YES;
				CLANG_WARN_OBJC_LITERAL_CONVERSION = YES;
				CLANG_WARN_OBJC_ROOT_CLASS = YES_ERROR;
				CLANG_WARN_QUOTED_INCLUDE_IN_FRAMEWORK_HEADER = YES;
				CLANG_WARN_RANGE_LOOP_ANALYSIS = YES;
				CLANG_WARN_STRICT_PROTOTYPES = YES;
				CLANG_WARN_SUSPICIOUS_MOVE = YES;
				CLANG_WARN_UNREACHABLE_CODE = YES;
				CLANG_WARN__DUPLICATE_METHOD_MATCH = YES;
				"CODE_SIGN_IDENTITY[sdk=iphoneos*]" = "iPhone Developer";
				COPY_PHASE_STRIP = NO;
				ENABLE_STRICT_OBJC_MSGSEND = YES;
				ENABLE_TESTABILITY = YES;
				"EXCLUDED_ARCHS[sdk=iphonesimulator*]" = i386;
				GCC_C_LANGUAGE_STANDARD = gnu99;
				GCC_DYNAMIC_NO_PIC = NO;
				GCC_NO_COMMON_BLOCKS = YES;
				GCC_OPTIMIZATION_LEVEL = 0;
				GCC_PREPROCESSOR_DEFINITIONS = (
					"DEBUG=1",
					"$(inherited)",
				);
				GCC_SYMBOLS_PRIVATE_EXTERN = NO;
				GCC_WARN_64_TO_32_BIT_CONVERSION = YES;
				GCC_WARN_ABOUT_RETURN_TYPE = YES_ERROR;
				GCC_WARN_UNDECLARED_SELECTOR = YES;
				GCC_WARN_UNINITIALIZED_AUTOS = YES_AGGRESSIVE;
				GCC_WARN_UNUSED_FUNCTION = YES;
				GCC_WARN_UNUSED_VARIABLE = YES;
				IPHONEOS_DEPLOYMENT_TARGET = 12.4;
				LD_RUNPATH_SEARCH_PATHS = (
					/usr/lib/swift,
					"$(inherited)",
				);
				LIBRARY_SEARCH_PATHS = (
					"\"$(SDKROOT)/usr/lib/swift\"",
					"\"$(TOOLCHAIN_DIR)/usr/lib/swift/$(PLATFORM_NAME)\"",
					"\"$(inherited)\"",
				);
				MTL_ENABLE_DEBUG_INFO = YES;
				ONLY_ACTIVE_ARCH = YES;
				OTHER_CFLAGS = "$(inherited)";
				OTHER_CPLUSPLUSFLAGS = (
					"$(OTHER_CFLAGS)",
					"-DFOLLY_NO_CONFIG",
					"-DFOLLY_MOBILE=1",
					"-DFOLLY_USE_LIBCPP=1",
				);
				REACT_NATIVE_PATH = "${PODS_ROOT}/../../node_modules/react-native";
				SDKROOT = iphoneos;
				TARGETED_DEVICE_FAMILY = iPhone;
				WATCHOS_DEPLOYMENT_TARGET = 10.0;
			};
			name = Debug;
		};
		83CBBA211A601CBA00E9B192 /* Release */ = {
			isa = XCBuildConfiguration;
			buildSettings = {
				ALWAYS_SEARCH_USER_PATHS = NO;
				CLANG_ANALYZER_LOCALIZABILITY_NONLOCALIZED = YES;
				CLANG_CXX_LANGUAGE_STANDARD = "c++17";
				CLANG_CXX_LIBRARY = "libc++";
				CLANG_ENABLE_MODULES = YES;
				CLANG_ENABLE_OBJC_ARC = YES;
				CLANG_WARN_BLOCK_CAPTURE_AUTORELEASING = YES;
				CLANG_WARN_BOOL_CONVERSION = YES;
				CLANG_WARN_COMMA = YES;
				CLANG_WARN_CONSTANT_CONVERSION = YES;
				CLANG_WARN_DEPRECATED_OBJC_IMPLEMENTATIONS = YES;
				CLANG_WARN_DIRECT_OBJC_ISA_USAGE = YES_ERROR;
				CLANG_WARN_EMPTY_BODY = YES;
				CLANG_WARN_ENUM_CONVERSION = YES;
				CLANG_WARN_INFINITE_RECURSION = YES;
				CLANG_WARN_INT_CONVERSION = YES;
				CLANG_WARN_NON_LITERAL_NULL_CONVERSION = YES;
				CLANG_WARN_OBJC_IMPLICIT_RETAIN_SELF = YES;
				CLANG_WARN_OBJC_LITERAL_CONVERSION = YES;
				CLANG_WARN_OBJC_ROOT_CLASS = YES_ERROR;
				CLANG_WARN_QUOTED_INCLUDE_IN_FRAMEWORK_HEADER = YES;
				CLANG_WARN_RANGE_LOOP_ANALYSIS = YES;
				CLANG_WARN_STRICT_PROTOTYPES = YES;
				CLANG_WARN_SUSPICIOUS_MOVE = YES;
				CLANG_WARN_UNREACHABLE_CODE = YES;
				CLANG_WARN__DUPLICATE_METHOD_MATCH = YES;
				"CODE_SIGN_IDENTITY[sdk=iphoneos*]" = "iPhone Developer";
				COPY_PHASE_STRIP = YES;
				ENABLE_NS_ASSERTIONS = NO;
				ENABLE_STRICT_OBJC_MSGSEND = YES;
				"EXCLUDED_ARCHS[sdk=iphonesimulator*]" = i386;
				GCC_C_LANGUAGE_STANDARD = gnu99;
				GCC_NO_COMMON_BLOCKS = YES;
				GCC_WARN_64_TO_32_BIT_CONVERSION = YES;
				GCC_WARN_ABOUT_RETURN_TYPE = YES_ERROR;
				GCC_WARN_UNDECLARED_SELECTOR = YES;
				GCC_WARN_UNINITIALIZED_AUTOS = YES_AGGRESSIVE;
				GCC_WARN_UNUSED_FUNCTION = YES;
				GCC_WARN_UNUSED_VARIABLE = YES;
				IPHONEOS_DEPLOYMENT_TARGET = 12.4;
				LD_RUNPATH_SEARCH_PATHS = (
					/usr/lib/swift,
					"$(inherited)",
				);
				LIBRARY_SEARCH_PATHS = (
					"\"$(SDKROOT)/usr/lib/swift\"",
					"\"$(TOOLCHAIN_DIR)/usr/lib/swift/$(PLATFORM_NAME)\"",
					"\"$(inherited)\"",
				);
				MTL_ENABLE_DEBUG_INFO = NO;
				OTHER_CFLAGS = "$(inherited)";
				OTHER_CPLUSPLUSFLAGS = (
					"$(OTHER_CFLAGS)",
					"-DFOLLY_NO_CONFIG",
					"-DFOLLY_MOBILE=1",
					"-DFOLLY_USE_LIBCPP=1",
				);
				REACT_NATIVE_PATH = "${PODS_ROOT}/../../node_modules/react-native";
				SDKROOT = iphoneos;
				TARGETED_DEVICE_FAMILY = iPhone;
				VALIDATE_PRODUCT = YES;
				WATCHOS_DEPLOYMENT_TARGET = 10.0;
			};
			name = Release;
		};
/* End XCBuildConfiguration section */

/* Begin XCConfigurationList section */
		00E357021AD99517003FC87E /* Build configuration list for PBXNativeTarget "rehat_iosTests" */ = {
			isa = XCConfigurationList;
			buildConfigurations = (
				00E356F61AD99517003FC87E /* Debug */,
				00E356F71AD99517003FC87E /* Release */,
			);
			defaultConfigurationIsVisible = 0;
			defaultConfigurationName = Release;
		};
		13B07F931A680F5B00A75B9A /* Build configuration list for PBXNativeTarget "rehat_ios" */ = {
			isa = XCConfigurationList;
			buildConfigurations = (
				13B07F941A680F5B00A75B9A /* Debug */,
				13B07F951A680F5B00A75B9A /* Release */,
			);
			defaultConfigurationIsVisible = 0;
			defaultConfigurationName = Release;
		};
		280A5F392AD46A6C00F3D058 /* Build configuration list for PBXNativeTarget "rehat Watch WidgetExtension" */ = {
			isa = XCConfigurationList;
			buildConfigurations = (
				280A5F372AD46A6C00F3D058 /* Debug */,
				280A5F382AD46A6C00F3D058 /* Release */,
			);
			defaultConfigurationIsVisible = 0;
			defaultConfigurationName = Release;
		};
		5D9CDD4E2AAEBD9300748DDD /* Build configuration list for PBXNativeTarget "rehat Watch App" */ = {
			isa = XCConfigurationList;
			buildConfigurations = (
				5D9CDD4F2AAEBD9300748DDD /* Debug */,
				5D9CDD502AAEBD9300748DDD /* Release */,
			);
			defaultConfigurationIsVisible = 0;
			defaultConfigurationName = Release;
		};
		83CBB9FA1A601CBA00E9B192 /* Build configuration list for PBXProject "rehat_ios" */ = {
			isa = XCConfigurationList;
			buildConfigurations = (
				83CBBA201A601CBA00E9B192 /* Debug */,
				83CBBA211A601CBA00E9B192 /* Release */,
			);
			defaultConfigurationIsVisible = 0;
			defaultConfigurationName = Release;
		};
/* End XCConfigurationList section */
	};
	rootObject = 83CBB9F71A601CBA00E9B192 /* Project object */;
}
